{"SurveyEntry":{"SurveyID":"SV_0VfFcrJ001bhaWG","SurveyName":"synesthesiacolorpicker_github_example_gc","SurveyDescription":null,"SurveyOwnerID":"UR_51oKL7TndyLc2AS","SurveyBrandID":"uva","DivisionID":"DV_9MEH7xRrHd6AifH","SurveyLanguage":"EN","SurveyActiveResponseSet":"RS_0VAR2wtX1GOPitg","SurveyStatus":"Active","SurveyStartDate":"0000-00-00 00:00:00","SurveyExpirationDate":"0000-00-00 00:00:00","SurveyCreationDate":"2024-04-19 06:11:01","CreatorID":"UR_51oKL7TndyLc2AS","LastModified":"2024-05-10 08:08:15","LastAccessed":"0000-00-00 00:00:00","LastActivated":"2024-05-10 08:08:06","Deleted":null},"SurveyElements":[{"SurveyID":"SV_0VfFcrJ001bhaWG","Element":"BL","PrimaryAttribute":"Survey Blocks","SecondaryAttribute":null,"TertiaryAttribute":null,"Payload":[{"Type":"Default","Description":"ColorPicker R1","ID":"BL_9GqWZrC1BvksZAq","BlockElements":[{"Type":"Question","QuestionID":"QID32"},{"Type":"Question","QuestionID":"QID34"},{"Type":"Question","QuestionID":"QID33"},{"Type":"Page Break"},{"Type":"Question","QuestionID":"QID15"}],"Options":{"BlockLocking":"false","RandomizeQuestions":"false","Looping":"Static","LoopingOptions":{"Static":{"1":{"1":"A"},"2":{"1":"B"},"3":{"1":"C"},"4":{"1":"D"},"5":{"1":"E"},"6":{"1":"F"},"7":{"1":"G"},"8":{"1":"H"},"9":{"1":"I"},"10":{"1":"J"},"11":{"1":"K"},"12":{"1":"L"},"13":{"1":"M"},"14":{"1":"N"},"15":{"1":"O"},"16":{"1":"P"},"17":{"1":"Q"},"18":{"1":"R"},"19":{"1":"S"},"20":{"1":"T"},"21":{"1":"U"},"22":{"1":"V"},"23":{"1":"W"},"24":{"1":"X"},"25":{"1":"Y"},"26":{"1":"Z"}},"Randomization":"All"},"BlockVisibility":"Expanded"}},{"Type":"Trash","Description":"Trash \/ Unused Questions","ID":"BL_7X3VVpmSclcrJxc","BlockElements":[{"Type":"Question","QuestionID":"QID18"}]},{"Type":"Standard","SubType":"","Description":"Consent","ID":"BL_bjEEzzIiqPzPC8C","BlockElements":[{"Type":"Question","QuestionID":"QID23"}],"Options":{"BlockLocking":"false","RandomizeQuestions":"false","BlockVisibility":"Collapsed"}},{"Type":"Standard","SubType":"","Description":"Instructions","ID":"BL_6QYyvAo3cRiawC2","BlockElements":[{"Type":"Question","QuestionID":"QID24"}]},{"Type":"Standard","Description":"ColorPicker R2","ID":"BL_24CzlfqK1XOEBxk","BlockElements":[{"Type":"Question","QuestionID":"QID25"}],"Options":{"BlockLocking":false,"RandomizeQuestions":"false","Looping":"Static","LoopingOptions":{"Static":{"1":{"1":"A"},"2":{"1":"B"},"3":{"1":"C"},"4":{"1":"D"},"5":{"1":"E"},"6":{"1":"F"},"7":{"1":"G"},"8":{"1":"H"},"9":{"1":"I"},"10":{"1":"J"},"11":{"1":"K"},"12":{"1":"L"},"13":{"1":"M"},"14":{"1":"N"},"15":{"1":"O"},"16":{"1":"P"},"17":{"1":"Q"},"18":{"1":"R"},"19":{"1":"S"},"20":{"1":"T"},"21":{"1":"U"},"22":{"1":"V"},"23":{"1":"W"},"24":{"1":"X"},"25":{"1":"Y"},"26":{"1":"Z"}},"Randomization":"All"},"BlockVisibility":"Expanded"}},{"Type":"Standard","Description":"ColorPicker R3","ID":"BL_0NYPCtIdH373P9Q","BlockElements":[{"Type":"Question","QuestionID":"QID26"}],"Options":{"BlockLocking":false,"RandomizeQuestions":"false","Looping":"Static","LoopingOptions":{"Static":{"1":{"1":"A"},"2":{"1":"B"},"3":{"1":"C"},"4":{"1":"D"},"5":{"1":"E"},"6":{"1":"F"},"7":{"1":"G"},"8":{"1":"H"},"9":{"1":"I"},"10":{"1":"J"},"11":{"1":"K"},"12":{"1":"L"},"13":{"1":"M"},"14":{"1":"N"},"15":{"1":"O"},"16":{"1":"P"},"17":{"1":"Q"},"18":{"1":"R"},"19":{"1":"S"},"20":{"1":"T"},"21":{"1":"U"},"22":{"1":"V"},"23":{"1":"W"},"24":{"1":"X"},"25":{"1":"Y"},"26":{"1":"Z"}},"Randomization":"All"},"BlockVisibility":"Expanded"}},{"Type":"Standard","SubType":"","Description":"Break 1","ID":"BL_0xprZwwE3lK4eyi","BlockElements":[{"Type":"Question","QuestionID":"QID27"},{"Type":"Question","QuestionID":"QID28"}]},{"Type":"Standard","SubType":"","Description":"Break 2","ID":"BL_dpoZJTbz9zkBwa2","BlockElements":[{"Type":"Question","QuestionID":"QID29"},{"Type":"Question","QuestionID":"QID30"}],"Options":{"BlockLocking":"false","RandomizeQuestions":"false","BlockVisibility":"Expanded"}},{"Type":"Standard","SubType":"","Description":"Debrief","ID":"BL_6yy0iDMfxcRIofQ","BlockElements":[{"Type":"Question","QuestionID":"QID31"}],"Options":{"BlockLocking":"false","RandomizeQuestions":"false","BlockVisibility":"Collapsed"}}]},{"SurveyID":"SV_0VfFcrJ001bhaWG","Element":"FL","PrimaryAttribute":"Survey Flow","SecondaryAttribute":null,"TertiaryAttribute":null,"Payload":{"Type":"Root","FlowID":"FL_1","Flow":[{"Type":"EmbeddedData","FlowID":"FL_6","EmbeddedData":[{"Description":"chosenColorTemp","Type":"Recipient","Field":"chosenColorTemp","VariableType":"String","DataVisibility":[],"AnalyzeText":false}]},{"Type":"Standard","ID":"BL_bjEEzzIiqPzPC8C","FlowID":"FL_12","Autofill":[]},{"Type":"Branch","FlowID":"FL_18","Description":"New Branch","BranchLogic":{"0":{"0":{"LogicType":"Question","QuestionID":"QID23","QuestionIsInLoop":"no","ChoiceLocator":"q:\/\/QID23\/SelectableChoice\/2","Operator":"Selected","QuestionIDFromLocator":"QID23","LeftOperand":"q:\/\/QID23\/SelectableChoice\/2","Type":"Expression","Description":"<span class=\"ConjDesc\">If<\/span> <span class=\"QuestionDesc\">YOUR CONSENT FORM HERE<\/span> <span class=\"LeftOpDesc\">I do not consent to participate<\/span> <span class=\"OpDesc\">Is Selected<\/span> "},"Type":"If"},"Type":"BooleanExpression"},"Flow":[{"Type":"EndSurvey","FlowID":"FL_19"}]},{"Type":"Standard","ID":"BL_6QYyvAo3cRiawC2","FlowID":"FL_13","Autofill":[]},{"Type":"Block","ID":"BL_9GqWZrC1BvksZAq","FlowID":"FL_2","Autofill":[]},{"Type":"Standard","ID":"BL_0xprZwwE3lK4eyi","FlowID":"FL_16","Autofill":[]},{"Type":"Standard","ID":"BL_24CzlfqK1XOEBxk","FlowID":"FL_14","Autofill":[]},{"Type":"Standard","ID":"BL_dpoZJTbz9zkBwa2","FlowID":"FL_17","Autofill":[]},{"Type":"Standard","ID":"BL_0NYPCtIdH373P9Q","FlowID":"FL_15","Autofill":[]},{"ID":"BL_6yy0iDMfxcRIofQ","Type":"Standard","FlowID":"FL_20"}],"Properties":{"Count":20,"RemovedFieldsets":[]}}},{"SurveyID":"SV_0VfFcrJ001bhaWG","Element":"PL","PrimaryAttribute":"Preview Link","SecondaryAttribute":null,"TertiaryAttribute":null,"Payload":{"PreviewType":"Brand","PreviewID":"d282d9ab-0e67-4ae2-bd8b-9fb3d288b697"}},{"SurveyID":"SV_0VfFcrJ001bhaWG","Element":"RS","PrimaryAttribute":"RS_0VAR2wtX1GOPitg","SecondaryAttribute":null,"TertiaryAttribute":null,"Payload":null},{"SurveyID":"SV_0VfFcrJ001bhaWG","Element":"SO","PrimaryAttribute":"Survey Options","SecondaryAttribute":null,"TertiaryAttribute":null,"Payload":{"BackButton":"false","SaveAndContinue":"true","SurveyProtection":"PublicSurvey","BallotBoxStuffingPrevention":"false","NoIndex":"Yes","SecureResponseFiles":"true","SurveyExpiration":null,"SurveyTermination":"DefaultMessage","Header":"<script type=\"javascript\" src=\"https:\/\/cdn.jsdelivr.net\/gh\/nicholasbroot\/synesthesiacolorpicker\/colorpicker.js\"><\/script>","Footer":"","ProgressBarDisplay":"None","PartialData":"+1 week","ValidationMessage":null,"PreviousButton":" \u2190 ","NextButton":" \u2192 ","SurveyTitle":"Online Survey Software | Qualtrics Survey Solutions","SkinLibrary":"uva","SkinType":"templated","Skin":{"brandingId":null,"templateId":"*base","overrides":null},"NewScoring":1,"ShowExportTags":"false","CollectGeoLocation":"false","SurveyMetaDescription":"The most powerful, simple and trusted way to gather experience data. Start your journey to experience management and try a free account today.","PasswordProtection":"No","AnonymizeResponse":"No","Password":"","RefererCheck":"No","RefererURL":"http:\/\/","BallotBoxStuffingPreventionBehavior":null,"BallotBoxStuffingPreventionMessage":null,"BallotBoxStuffingPreventionMessageLibrary":null,"BallotBoxStuffingPreventionURL":null,"RecaptchaV3":"false","ConfirmStart":false,"AutoConfirmStart":false,"UseCustomSurveyLinkCompletedMessage":null,"SurveyLinkCompletedMessage":"","SurveyLinkCompletedMessageLibrary":"","ResponseSummary":"No","EOSRedirectURL":"https:\/\/","EmailThankYou":"false","ThankYouEmailMessageLibrary":null,"ThankYouEmailMessage":null,"ValidateMessage":"false","ValidationMessageLibrary":null,"InactiveSurvey":"DefaultMessage","PartialDeletion":null,"PartialDataCloseAfter":"LastActivity","ActiveResponseSet":null,"InactiveMessageLibrary":"","InactiveMessage":"","AvailableLanguages":{"EN":[]},"CustomStyles":{"customCSS":".JFEScope .Skin .q-slider ul {    \n    padding: 10px;   \n}\n.JFEScope .Skin .q-slider .statement-container {    display: none; }"},"headerMid":"","ProtectSelectionIds":true,"SurveyAnalysisDisabled":true}},{"SurveyID":"SV_0VfFcrJ001bhaWG","Element":"SCO","PrimaryAttribute":"Scoring","SecondaryAttribute":null,"TertiaryAttribute":null,"Payload":{"ScoringCategories":[],"ScoringCategoryGroups":[],"ScoringSummaryCategory":null,"ScoringSummaryAfterQuestions":0,"ScoringSummaryAfterSurvey":0,"DefaultScoringCategory":null,"AutoScoringCategory":null}},{"SurveyID":"SV_0VfFcrJ001bhaWG","Element":"PROJ","PrimaryAttribute":"CORE","SecondaryAttribute":null,"TertiaryAttribute":"1.1.0","Payload":{"ProjectCategory":"CORE","SchemaVersion":"1.1.0"}},{"SurveyID":"SV_0VfFcrJ001bhaWG","Element":"STAT","PrimaryAttribute":"Survey Statistics","SecondaryAttribute":null,"TertiaryAttribute":null,"Payload":{"MobileCompatible":true,"ID":"Survey Statistics"}},{"SurveyID":"SV_0VfFcrJ001bhaWG","Element":"QC","PrimaryAttribute":"Survey Question Count","SecondaryAttribute":"34","TertiaryAttribute":null,"Payload":null},{"SurveyID":"SV_0VfFcrJ001bhaWG","Element":"SQ","PrimaryAttribute":"QID18","SecondaryAttribute":"Timing","TertiaryAttribute":null,"Payload":{"QuestionText":"Timing","DefaultChoices":false,"DataExportTag":"ColorPickTiming","QuestionType":"Timing","Selector":"PageTimer","Configuration":{"QuestionDescriptionOption":"UseText","MinSeconds":1,"MaxSeconds":"0"},"QuestionDescription":"Timing","Choices":{"1":{"Display":"First Click"},"2":{"Display":"Last Click"},"3":{"Display":"Page Submit"},"4":{"Display":"Click Count"}},"GradingData":[],"Language":[],"NextChoiceId":32,"NextAnswerId":1,"QuestionID":"QID18"}},{"SurveyID":"SV_0VfFcrJ001bhaWG","Element":"SQ","PrimaryAttribute":"QID28","SecondaryAttribute":"Timing","TertiaryAttribute":null,"Payload":{"QuestionText":"Timing","DefaultChoices":false,"DataExportTag":"break1_timing","QuestionType":"Timing","Selector":"PageTimer","DataVisibility":{"Private":false,"Hidden":false},"Configuration":{"QuestionDescriptionOption":"UseText","MinSeconds":10,"MaxSeconds":"0","ShowTimer":true},"QuestionDescription":"Timing","Choices":{"1":{"Display":"First Click"},"2":{"Display":"Last Click"},"3":{"Display":"Page Submit"},"4":{"Display":"Click Count"}},"GradingData":[],"Language":[],"NextChoiceId":76,"NextAnswerId":1,"QuestionID":"QID28"}},{"SurveyID":"SV_0VfFcrJ001bhaWG","Element":"SQ","PrimaryAttribute":"QID30","SecondaryAttribute":"Timing","TertiaryAttribute":null,"Payload":{"QuestionText":"Timing","DefaultChoices":false,"QuestionType":"Timing","Selector":"PageTimer","DataVisibility":{"Private":false,"Hidden":false},"Configuration":{"QuestionDescriptionOption":"UseText","MinSeconds":10,"MaxSeconds":"0","ShowTimer":true},"QuestionDescription":"Timing","Choices":{"1":{"Display":"First Click"},"2":{"Display":"Last Click"},"3":{"Display":"Page Submit"},"4":{"Display":"Click Count"}},"GradingData":[],"Language":[],"NextChoiceId":80,"NextAnswerId":1,"QuestionText_Unsafe":"Timing","DataExportTag":"break2_timing","QuestionID":"QID30"}},{"SurveyID":"SV_0VfFcrJ001bhaWG","Element":"SQ","PrimaryAttribute":"QID15","SecondaryAttribute":"What is the best color for this letter? ${lm:\/\/Field\/1} \u00a0 \u00a0","TertiaryAttribute":null,"Payload":{"QuestionText":"<div style=\"width:250px; display:flex; align-content:center; justify-content:center; text-align:center; margin: 0 auto;\">\n    What is the best color for this letter?<\/div>\n<div style=\"width: 250px; height: 125px; display:flex; align-content:center; justify-content:center; margin: 0 auto; \">\n    <div style=\"width: 125px; display:flex; align-items:center; justify-content:center; overflow:hidden;\" id=\"stimulus\"><span style=\"font-size:80px;\">\n            <font id=\"letter\">${lm:\/\/Field\/1}<\/font>\n        <\/span><\/div>\n    <div style=\"width: 125px; display:flex; align-items:center; justify-content:center;\">\n        <div id=\"rect\" style=\"background:#ff00ff; width:100px; height:100px;\">\n            &nbsp;<\/div>\n    <\/div>\n<\/div>\n<div style=\"width: 250px; margin: 0 auto;\">\n    <div id=\"colorpicker1\">&nbsp;<\/div>\n<\/div>","QuestionJS":"Qualtrics.SurveyEngine.addOnReady(function() {\n\n    \/\/ This function is called every time the participant changes the color\n    const colorChange = (color) => {\n\n        \/\/ Update the first field to record the newly chosen color. \n        jQuery(\"#\" + this.questionId + \" input[type=text]:eq(0)\").val(color);\n\n        \/\/ Update the colorpicker rectangle to display the chosen color.\n        jQuery(\"#rect\").css('background', color);\n\n        \/\/ Update the color of the letter stimulus to display the chosen color\n        \/\/ This can be removed if you don't display anything (e.g. sound synesthesias)\n        \/\/ You can also add additional lines here if you want to change the color of multiple things on screen.\n        jQuery(\"#letter\").css('color', color);\n    }\n\n    \/\/ Hide the form boxes (they are populated automatically, we don't want the participant to see)\n    jQuery(\"#\" + this.questionId + \" .QuestionBody\").hide();\n    \/\/ Initialize the color picker. \n    var picker = jQuery('#colorpicker1').farbtastic({\n        callback: colorChange,\n\t\twidth: 250, \/\/This can be changed if you are comfortable with CSS\/HTML\n        returnInstance: true\n    });\n    \/\/ Record the initial color. \n    jQuery(\"#\" + this.questionId + \" input[type=text]:eq(1)\").val(picker.color);\n\n\n});","DefaultChoices":false,"DataExportTag":"ColorPick_R1","QuestionType":"TE","Selector":"FORM","DataVisibility":{"Private":false,"Hidden":false},"Configuration":{"QuestionDescriptionOption":"UseText","InputWidth":451,"InputHeight":29},"QuestionDescription":"What is the best color for this letter? ${lm:\/\/Field\/1} \u00a0 \u00a0","Validation":{"Settings":{"ForceResponse":"OFF"}},"GradingData":[],"Language":[],"NextChoiceId":10,"NextAnswerId":1,"SearchSource":{"AllowFreeResponse":"false"},"QuestionID":"QID15","Choices":{"7":{"Display":"ChosenColor","TextEntry":"on","InputHeight":29,"InputWidth":300},"8":{"Display":"InitialColor"}},"ChoiceOrder":["7","8"]}},{"SurveyID":"SV_0VfFcrJ001bhaWG","Element":"SQ","PrimaryAttribute":"QID25","SecondaryAttribute":"What is the best color for this letter? ${lm:\/\/Field\/1} \u00a0 \u00a0","TertiaryAttribute":null,"Payload":{"QuestionText":"<div style=\"width:250px; display:flex; align-content:center; justify-content:center; text-align:center; margin: 0 auto;\">\n    What is the best color for this letter?<\/div>\n<div style=\"width: 250px; height: 125px; display:flex; align-content:center; justify-content:center; margin: 0 auto; \">\n    <div style=\"width: 125px; display:flex; align-items:center; justify-content:center; overflow:hidden;\" id=\"stimulus\"><span style=\"font-size:80px;\">\n            <font id=\"letter\">${lm:\/\/Field\/1}<\/font>\n        <\/span><\/div>\n    <div style=\"width: 125px; display:flex; align-items:center; justify-content:center;\">\n        <div id=\"rect\" style=\"background:#ff00ff; width:100px; height:100px;\">\n            &nbsp;<\/div>\n    <\/div>\n<\/div>\n<div style=\"width: 250px; margin: 0 auto;\">\n    <div id=\"colorpicker1\">&nbsp;<\/div>\n<\/div>","QuestionJS":"Qualtrics.SurveyEngine.addOnReady(function() {\n\n    \/\/ This function is called every time the participant changes the color\n    const colorChange = (color) => {\n\n        \/\/ Update the first field to record the newly chosen color. \n        jQuery(\"#\" + this.questionId + \" input[type=text]:eq(0)\").val(color);\n\n        \/\/ Update the colorpicker rectangle to display the chosen color.\n        jQuery(\"#rect\").css('background', color);\n\n        \/\/ Update the color of the letter stimulus to display the chosen color\n        \/\/ This can be removed if you don't display anything (e.g. sound synesthesias)\n        \/\/ You can also add additional lines here if you want to change the color of multiple things on screen.\n        jQuery(\"#letter\").css('color', color);\n    }\n\n    \/\/ Hide the form boxes (they are populated automatically, we don't want the participant to see)\n    jQuery(\"#\" + this.questionId + \" .QuestionBody\").hide();\n    \/\/ Initialize the color picker. \n    var picker = jQuery('#colorpicker1').farbtastic({\n        callback: colorChange,\n\t\twidth: 250, \/\/This can be changed if you are comfortable with CSS\/HTML\n        returnInstance: true\n    });\n    \/\/ Record the initial color. \n    jQuery(\"#\" + this.questionId + \" input[type=text]:eq(1)\").val(picker.color);\n\n\n});","DefaultChoices":false,"QuestionType":"TE","Selector":"FORM","DataVisibility":{"Private":false,"Hidden":false},"Configuration":{"QuestionDescriptionOption":"UseText","InputWidth":451,"InputHeight":29},"QuestionDescription":"What is the best color for this letter? ${lm:\/\/Field\/1} \u00a0 \u00a0","Validation":{"Settings":{"ForceResponse":"OFF"}},"GradingData":[],"Language":[],"NextChoiceId":10,"NextAnswerId":1,"SearchSource":{"AllowFreeResponse":"false"},"Choices":{"7":{"Display":"ChosenColor","TextEntry":"on","InputHeight":29,"InputWidth":300},"8":{"Display":"InitialColor"}},"ChoiceOrder":["7","8"],"QuestionText_Unsafe":"<div style=\"width:250px; display:flex; align-content:center; justify-content:center; text-align:center; margin: 0 auto;\">\n    What is the best color for this letter?<\/div>\n<div style=\"width: 250px; height: 125px; display:flex; align-content:center; justify-content:center; margin: 0 auto; \">\n    <div style=\"width: 125px; display:flex; align-items:center; justify-content:center; overflow:hidden;\" id=\"stimulus\"><span style=\"font-size:80px;\">\n            <font id=\"letter\">R<\/font>\n        <\/span><\/div>\n    <div style=\"width: 125px; display:flex; align-items:center; justify-content:center;\">\n        <div id=\"rect\" style=\"background:#ff00ff; width:100px; height:100px;\">\n            &nbsp;<\/div>\n    <\/div>\n<\/div>\n<div style=\"width: 250px; margin: 0 auto;\">\n    <div id=\"colorpicker1\">&nbsp;<\/div>\n<\/div>","DataExportTag":"ColorPick_R2","QuestionID":"QID25"}},{"SurveyID":"SV_0VfFcrJ001bhaWG","Element":"SQ","PrimaryAttribute":"QID26","SecondaryAttribute":"What is the best color for this letter? ${lm:\/\/Field\/1} \u00a0 \u00a0","TertiaryAttribute":null,"Payload":{"QuestionText":"<div style=\"width:250px; display:flex; align-content:center; justify-content:center; text-align:center; margin: 0 auto;\">\n    What is the best color for this letter?<\/div>\n<div style=\"width: 250px; height: 125px; display:flex; align-content:center; justify-content:center; margin: 0 auto; \">\n    <div style=\"width: 125px; display:flex; align-items:center; justify-content:center; overflow:hidden;\" id=\"stimulus\"><span style=\"font-size:80px;\">\n            <font id=\"letter\">${lm:\/\/Field\/1}<\/font>\n        <\/span><\/div>\n    <div style=\"width: 125px; display:flex; align-items:center; justify-content:center;\">\n        <div id=\"rect\" style=\"background:#ff00ff; width:100px; height:100px;\">\n            &nbsp;<\/div>\n    <\/div>\n<\/div>\n<div style=\"width: 250px; margin: 0 auto;\">\n    <div id=\"colorpicker1\">&nbsp;<\/div>\n<\/div>","QuestionJS":"Qualtrics.SurveyEngine.addOnReady(function() {\n\n    \/\/ This function is called every time the participant changes the color\n    const colorChange = (color) => {\n\n        \/\/ Update the first field to record the newly chosen color. \n        jQuery(\"#\" + this.questionId + \" input[type=text]:eq(0)\").val(color);\n\n        \/\/ Update the colorpicker rectangle to display the chosen color.\n        jQuery(\"#rect\").css('background', color);\n\n        \/\/ Update the color of the letter stimulus to display the chosen color\n        \/\/ This can be removed if you don't display anything (e.g. sound synesthesias)\n        \/\/ You can also add additional lines here if you want to change the color of multiple things on screen.\n        jQuery(\"#letter\").css('color', color);\n    }\n\n    \/\/ Hide the form boxes (they are populated automatically, we don't want the participant to see)\n    jQuery(\"#\" + this.questionId + \" .QuestionBody\").hide();\n    \/\/ Initialize the color picker. \n    var picker = jQuery('#colorpicker1').farbtastic({\n        callback: colorChange,\n\t\twidth: 250, \/\/This can be changed if you are comfortable with CSS\/HTML\n        returnInstance: true\n    });\n    \/\/ Record the initial color. \n    jQuery(\"#\" + this.questionId + \" input[type=text]:eq(1)\").val(picker.color);\n\n\n});","DefaultChoices":false,"QuestionType":"TE","Selector":"FORM","DataVisibility":{"Private":false,"Hidden":false},"Configuration":{"QuestionDescriptionOption":"UseText","InputWidth":451,"InputHeight":29},"QuestionDescription":"What is the best color for this letter? ${lm:\/\/Field\/1} \u00a0 \u00a0","Validation":{"Settings":{"ForceResponse":"OFF"}},"GradingData":[],"Language":[],"NextChoiceId":10,"NextAnswerId":1,"SearchSource":{"AllowFreeResponse":"false"},"Choices":{"7":{"Display":"ChosenColor","TextEntry":"on","InputHeight":29,"InputWidth":300},"8":{"Display":"InitialColor"}},"ChoiceOrder":["7","8"],"QuestionText_Unsafe":"<div style=\"width:250px; display:flex; align-content:center; justify-content:center; text-align:center; margin: 0 auto;\">\n    What is the best color for this letter?<\/div>\n<div style=\"width: 250px; height: 125px; display:flex; align-content:center; justify-content:center; margin: 0 auto; \">\n    <div style=\"width: 125px; display:flex; align-items:center; justify-content:center; overflow:hidden;\" id=\"stimulus\"><span style=\"font-size:80px;\">\n            <font id=\"letter\">R<\/font>\n        <\/span><\/div>\n    <div style=\"width: 125px; display:flex; align-items:center; justify-content:center;\">\n        <div id=\"rect\" style=\"background:#ff00ff; width:100px; height:100px;\">\n            &nbsp;<\/div>\n    <\/div>\n<\/div>\n<div style=\"width: 250px; margin: 0 auto;\">\n    <div id=\"colorpicker1\">&nbsp;<\/div>\n<\/div>","DataExportTag":"ColorPicker R3","QuestionID":"QID26"}},{"SurveyID":"SV_0VfFcrJ001bhaWG","Element":"SQ","PrimaryAttribute":"QID33","SecondaryAttribute":"Which of the following best describes your experience of multiple colors for the letter ...","TertiaryAttribute":null,"Payload":{"ChoiceOrder":["1","2","3","4"],"Choices":{"1":{"Display":"Different parts of the letter have different colors (e.g. the top of the letter is one color, the bottom of the letter is a different color)."},"2":{"Display":"There are multiple colors on top of each other (e.g. the letter is one color, the background is a different color)"},"3":{"Display":"The color changes while I look at the letter (e.g., colors flash on and off, or fade in and out)"},"4":{"Display":"Other:","TextEntry":"true","TextEntryForceResponse":true}},"Configuration":{"QuestionDescriptionOption":"UseText"},"DataExportTag":"multicolor_exp","DataVisibility":{"Hidden":false,"Private":false},"Language":[],"NextAnswerId":1,"NextChoiceId":5,"QuestionDescription":"Which of the following best describes your experience of multiple colors for the letter ...","QuestionID":"QID33","QuestionText":"Which of the following best describes your experience of multiple colors for the letter&nbsp;${lm:\/\/Field\/1}? Check all that apply.","QuestionText_Unsafe":"Which of the following best describes your experience of multiple colors for the letter&nbsp;${lm:\/\/Field\/1}? Check all that apply.","QuestionType":"MC","Selector":"MAVR","SubSelector":"TX","Validation":{"Settings":{"ForceResponse":"ON","ForceResponseType":"ON","Type":"None"}},"DisplayLogic":{"0":{"0":{"LogicType":"Question","QuestionID":"QID32","QuestionIsInLoop":"yes","LoopAndMergeLoops":"current","LoopTarget":"none","ChoiceLocator":"q:\/\/QID32\/SelectableChoice\/2","Operator":"Selected","QuestionIDFromLocator":"QID32","LeftOperand":"q:\/\/QID32\/SelectableChoice\/2","Type":"Expression","Description":"<span class=\"ConjDesc\">If<\/span> <span class=\"QuestionDesc\">Which of the following statements best describes your color experience(s) for the letter ...<\/span> <span class=\"LeftOpDesc\">I experience more than one color when I see the letter ${lm:\/\/Field\/1} (in addition to the color in which it is printed)<\/span> <span class=\"OpDesc\">Is Selected<\/span> "},"Type":"If"},"Type":"BooleanExpression","inPage":false}}},{"SurveyID":"SV_0VfFcrJ001bhaWG","Element":"SQ","PrimaryAttribute":"QID34","SecondaryAttribute":"Which of the following colors do you experience for the letter ${lm:\/\/Field\/1}? Check all that ap...","TertiaryAttribute":null,"Payload":{"ChoiceOrder":["1","2","3","4","5","6","7","8","9","10","11"],"Choices":{"1":{"Display":"Red"},"2":{"Display":"Green"},"3":{"Display":"Blue"},"4":{"Display":"Yellow"},"5":{"Display":"Orange"},"6":{"Display":"Brown"},"7":{"Display":"Pink"},"8":{"Display":"Purple"},"9":{"Display":"Black"},"10":{"Display":"White"},"11":{"Display":"Grey"}},"Configuration":{"QuestionDescriptionOption":"UseText"},"DataExportTag":"multicolor_chx","Language":[],"NextAnswerId":1,"NextChoiceId":12,"QuestionDescription":"Which of the following colors do you experience for the letter ${lm:\/\/Field\/1}? Check all that ap...","QuestionID":"QID34","QuestionText":"Which of the following colors do you experience for the letter ${lm:\/\/Field\/1}? Check all that apply.","QuestionText_Unsafe":"Which of the following colors do you experience for the letter ${lm:\/\/Field\/1}? Check all that apply.","QuestionType":"MC","Selector":"MAVR","SubSelector":"TX","Validation":{"Settings":{"ForceResponse":"ON","ForceResponseType":"ON","Type":"None"}},"DataVisibility":{"Private":false,"Hidden":false},"DisplayLogic":{"0":{"0":{"LogicType":"Question","QuestionID":"QID32","QuestionIsInLoop":"yes","LoopAndMergeLoops":"current","LoopTarget":"none","ChoiceLocator":"q:\/\/QID32\/SelectableChoice\/2","Operator":"Selected","QuestionIDFromLocator":"QID32","LeftOperand":"q:\/\/QID32\/SelectableChoice\/2","Type":"Expression","Description":"<span class=\"ConjDesc\">If<\/span> <span class=\"QuestionDesc\">Which of the following statements best describes your color experience(s) for the letter ...<\/span> <span class=\"LeftOpDesc\">I experience more than one color when I see the letter ${lm:\/\/Field\/1} (in addition to the color in which it is printed)<\/span> <span class=\"OpDesc\">Is Selected<\/span> "},"Type":"If"},"Type":"BooleanExpression","inPage":false}}},{"SurveyID":"SV_0VfFcrJ001bhaWG","Element":"SQ","PrimaryAttribute":"QID32","SecondaryAttribute":"Which of the following statements best describes your color experience(s) for the letter ...","TertiaryAttribute":null,"Payload":{"ChoiceOrder":["7","9",2],"Choices":{"2":{"Display":"I experience more than one color when I see the letter ${lm:\/\/Field\/1} (in addition to the color in which it is printed)"},"7":{"Display":"I do not experience a color when I see the letter ${lm:\/\/Field\/1} (I see only the color in which it is printed)"},"9":{"Display":"I experience a color when I see the letter ${lm:\/\/Field\/1} (in addition to the color in which it is printed)"}},"Configuration":{"QuestionDescriptionOption":"UseText"},"DataExportTag":"num_colors","DataVisibility":{"Hidden":false,"Private":false},"DefaultChoices":false,"GradingData":[],"Language":[],"NextAnswerId":1,"NextChoiceId":11,"QuestionDescription":"Which of the following statements best describes your color experience(s) for the letter ...","QuestionID":"QID32","QuestionText":"Which of the following statements best describes your color experience(s) for the letter <span style=\"color:${lm:\/\/Field\/2};\">${lm:\/\/Field\/1}<\/span>?","QuestionText_Unsafe":"Which of the following statements best describes your color experience(s) for the letter <span style=\"color:${lm:\/\/Field\/2};\">${lm:\/\/Field\/1}<\/span>?","QuestionType":"MC","Selector":"SAVR","SubSelector":"TX","Validation":{"Settings":{"ForceResponse":"ON","ForceResponseType":"ON","Type":"None"}}}},{"SurveyID":"SV_0VfFcrJ001bhaWG","Element":"SQ","PrimaryAttribute":"QID27","SecondaryAttribute":"YOUR (OPTIONAL) BREAK TEXT HERE","TertiaryAttribute":null,"Payload":{"QuestionText":"YOUR (OPTIONAL) BREAK TEXT HERE","DefaultChoices":false,"DataExportTag":"break1_instr","QuestionType":"DB","Selector":"TB","DataVisibility":{"Private":false,"Hidden":false},"Configuration":{"QuestionDescriptionOption":"UseText"},"QuestionDescription":"YOUR (OPTIONAL) BREAK TEXT HERE","ChoiceOrder":[],"Validation":{"Settings":{"Type":"None"}},"GradingData":[],"Language":[],"NextChoiceId":4,"NextAnswerId":1,"QuestionID":"QID27"}},{"SurveyID":"SV_0VfFcrJ001bhaWG","Element":"SQ","PrimaryAttribute":"QID29","SecondaryAttribute":"YOUR (OPTIONAL) BREAK TEXT HERE","TertiaryAttribute":null,"Payload":{"QuestionText":"YOUR (OPTIONAL) BREAK TEXT HERE","DefaultChoices":false,"QuestionType":"DB","Selector":"TB","DataVisibility":{"Private":false,"Hidden":false},"Configuration":{"QuestionDescriptionOption":"UseText"},"QuestionDescription":"YOUR (OPTIONAL) BREAK TEXT HERE","ChoiceOrder":[],"Validation":{"Settings":{"Type":"None"}},"GradingData":[],"Language":[],"NextChoiceId":4,"NextAnswerId":1,"QuestionText_Unsafe":"YOUR (OPTIONAL) BREAK TEXT HERE","DataExportTag":"break2_instr","QuestionID":"QID29"}},{"SurveyID":"SV_0VfFcrJ001bhaWG","Element":"SQ","PrimaryAttribute":"QID23","SecondaryAttribute":"YOUR CONSENT FORM HERE","TertiaryAttribute":null,"Payload":{"QuestionText":"YOUR CONSENT FORM HERE","DefaultChoices":false,"DataExportTag":"consent","QuestionType":"MC","Selector":"SAVR","SubSelector":"TX","DataVisibility":{"Private":false,"Hidden":false},"Configuration":{"QuestionDescriptionOption":"UseText"},"QuestionDescription":"YOUR CONSENT FORM HERE","Choices":{"1":{"Display":"I consent to participate."},"2":{"Display":"I do not consent to participate"}},"ChoiceOrder":["1","2"],"Validation":{"Settings":{"ForceResponse":"OFF","Type":"None"}},"GradingData":[],"Language":[],"NextChoiceId":4,"NextAnswerId":1,"QuestionID":"QID23"}},{"SurveyID":"SV_0VfFcrJ001bhaWG","Element":"SQ","PrimaryAttribute":"QID31","SecondaryAttribute":"YOUR DEBRIEF TEXT HERE","TertiaryAttribute":null,"Payload":{"QuestionText":"YOUR DEBRIEF TEXT HERE","DefaultChoices":false,"DataExportTag":"debrief","QuestionType":"DB","Selector":"TB","DataVisibility":{"Private":false,"Hidden":false},"Configuration":{"QuestionDescriptionOption":"UseText"},"QuestionDescription":"YOUR DEBRIEF TEXT HERE","ChoiceOrder":[],"Validation":{"Settings":{"Type":"None"}},"GradingData":[],"Language":[],"NextChoiceId":4,"NextAnswerId":1,"QuestionID":"QID31"}},{"SurveyID":"SV_0VfFcrJ001bhaWG","Element":"SQ","PrimaryAttribute":"QID24","SecondaryAttribute":"YOUR INSTRUCTIONS HERE.","TertiaryAttribute":null,"Payload":{"QuestionText":"YOUR INSTRUCTIONS HERE.","DefaultChoices":false,"DataExportTag":"instr","QuestionType":"DB","Selector":"TB","DataVisibility":{"Private":false,"Hidden":false},"Configuration":{"QuestionDescriptionOption":"UseText"},"QuestionDescription":"YOUR INSTRUCTIONS HERE.","ChoiceOrder":[],"Validation":{"Settings":{"Type":"None"}},"GradingData":[],"Language":[],"NextChoiceId":4,"NextAnswerId":1,"QuestionID":"QID24"}}]}