{"SurveyEntry":{"SurveyID":"SV_cUE4Q1QZB3EnFLU","SurveyName":"SCP_github_paint","SurveyDescription":null,"SurveyOwnerID":"UR_51oKL7TndyLc2AS","SurveyBrandID":"uva","DivisionID":"DV_9MEH7xRrHd6AifH","SurveyLanguage":"EN","SurveyActiveResponseSet":"RS_bfjkrQm5ANhLJMq","SurveyStatus":"Active","SurveyStartDate":"0000-00-00 00:00:00","SurveyExpirationDate":"0000-00-00 00:00:00","SurveyCreationDate":"2024-04-22 05:28:37","CreatorID":"UR_51oKL7TndyLc2AS","LastModified":"2024-05-10 08:12:28","LastAccessed":"0000-00-00 00:00:00","LastActivated":"2024-04-22 05:29:05","Deleted":null},"SurveyElements":[{"SurveyID":"SV_cUE4Q1QZB3EnFLU","Element":"BL","PrimaryAttribute":"Survey Blocks","SecondaryAttribute":null,"TertiaryAttribute":null,"Payload":[{"Type":"Default","Description":"ColorPicker Block","ID":"BL_9GqWZrC1BvksZAq","BlockElements":[{"Type":"Question","QuestionID":"QID1"}],"Options":{"BlockLocking":"false","RandomizeQuestions":"false","Looping":"Static","LoopingOptions":{"Static":{"1":{"1":"A"},"2":{"1":"B"},"3":{"1":"C"}},"Randomization":"None"}}},{"Type":"Trash","Description":"Trash \/ Unused Questions","ID":"BL_7X3VVpmSclcrJxc","BlockElements":[]}]},{"SurveyID":"SV_cUE4Q1QZB3EnFLU","Element":"FL","PrimaryAttribute":"Survey Flow","SecondaryAttribute":null,"TertiaryAttribute":null,"Payload":{"Type":"Root","FlowID":"FL_1","Flow":[{"Type":"Block","ID":"BL_9GqWZrC1BvksZAq","FlowID":"FL_2","Autofill":[]}],"Properties":{"Count":11,"RemovedFieldsets":[]}}},{"SurveyID":"SV_cUE4Q1QZB3EnFLU","Element":"PL","PrimaryAttribute":"Preview Link","SecondaryAttribute":null,"TertiaryAttribute":null,"Payload":{"PreviewType":"Brand","PreviewID":"5f0ea978-0a68-4ebd-8342-4c0b918b8c08"}},{"SurveyID":"SV_cUE4Q1QZB3EnFLU","Element":"SO","PrimaryAttribute":"Survey Options","SecondaryAttribute":null,"TertiaryAttribute":null,"Payload":{"BackButton":"false","SaveAndContinue":"true","SurveyProtection":"PublicSurvey","BallotBoxStuffingPrevention":"false","NoIndex":"Yes","SecureResponseFiles":"true","SurveyExpiration":null,"SurveyTermination":"DefaultMessage","Header":"","Footer":"<script type=\"javascript\" src=\"https:\/\/cdn.jsdelivr.net\/gh\/nicholasbroot\/synesthesiacolorpicker\/colorpicker.js\"><\/script>\n<script type=\"javascript\" src=\"https:\/\/cdn.jsdelivr.net\/gh\/nicholasbroot\/synesthesiacolorpicker\/painter2.js\"><\/script>","ProgressBarDisplay":"None","PartialData":"+1 week","ValidationMessage":null,"PreviousButton":" \u2190 ","NextButton":" \u2192 ","SurveyTitle":"Online Survey Software | Qualtrics Survey Solutions","SkinLibrary":"uva","SkinType":"templated","Skin":{"brandingId":null,"templateId":"*base","overrides":null},"NewScoring":1,"ShowExportTags":"false","CollectGeoLocation":"false","SurveyMetaDescription":"The most powerful, simple and trusted way to gather experience data. Start your journey to experience management and try a free account today.","PasswordProtection":"No","AnonymizeResponse":"Yes","Password":"","RefererCheck":"No","RefererURL":"http:\/\/","BallotBoxStuffingPreventionBehavior":null,"BallotBoxStuffingPreventionMessage":null,"BallotBoxStuffingPreventionMessageLibrary":null,"BallotBoxStuffingPreventionURL":null,"RecaptchaV3":"false","ConfirmStart":false,"AutoConfirmStart":false,"UseCustomSurveyLinkCompletedMessage":null,"SurveyLinkCompletedMessage":"","SurveyLinkCompletedMessageLibrary":"","ResponseSummary":"No","EOSRedirectURL":"https:\/\/","EmailThankYou":"false","ThankYouEmailMessageLibrary":null,"ThankYouEmailMessage":null,"ValidateMessage":"false","ValidationMessageLibrary":null,"InactiveSurvey":"DefaultMessage","PartialDeletion":null,"PartialDataCloseAfter":"LastActivity","ActiveResponseSet":null,"InactiveMessageLibrary":"","InactiveMessage":"","AvailableLanguages":{"EN":[]},"CustomStyles":{"customCSS":".JFEScope .Skin .q-slider ul {    \n    padding: 10px;   \n}\n.JFEScope .Skin .q-slider .statement-container {    display: none; }"},"headerMid":"","ProtectSelectionIds":true,"SurveyAnalysisDisabled":true,"SurveyName":"SCP_github_paint","footerMid":""}},{"SurveyID":"SV_cUE4Q1QZB3EnFLU","Element":"SCO","PrimaryAttribute":"Scoring","SecondaryAttribute":null,"TertiaryAttribute":null,"Payload":{"ScoringCategories":[],"ScoringCategoryGroups":[],"ScoringSummaryCategory":null,"ScoringSummaryAfterQuestions":0,"ScoringSummaryAfterSurvey":0,"DefaultScoringCategory":null,"AutoScoringCategory":null}},{"SurveyID":"SV_cUE4Q1QZB3EnFLU","Element":"PROJ","PrimaryAttribute":"CORE","SecondaryAttribute":null,"TertiaryAttribute":"1.1.0","Payload":{"ProjectCategory":"CORE","SchemaVersion":"1.1.0"}},{"SurveyID":"SV_cUE4Q1QZB3EnFLU","Element":"STAT","PrimaryAttribute":"Survey Statistics","SecondaryAttribute":null,"TertiaryAttribute":null,"Payload":{"MobileCompatible":true,"ID":"Survey Statistics"}},{"SurveyID":"SV_cUE4Q1QZB3EnFLU","Element":"QC","PrimaryAttribute":"Survey Question Count","SecondaryAttribute":"22","TertiaryAttribute":null,"Payload":null},{"SurveyID":"SV_cUE4Q1QZB3EnFLU","Element":"RS","PrimaryAttribute":"RS_bfjkrQm5ANhLJMq","SecondaryAttribute":"Default Response Set","TertiaryAttribute":null,"Payload":null},{"SurveyID":"SV_cUE4Q1QZB3EnFLU","Element":"SQ","PrimaryAttribute":"QID1","SecondaryAttribute":"Unfortunately, your browser is currently unsupported by our web application. We are sorry for the...","TertiaryAttribute":null,"Payload":{"QuestionText":"<div style=\"width: 500px; height:250 px; display:flex; align-items:center; justify-content:center; margin: 0 auto;\">\n\n<div style=\"width:250px; height: 250px\">\n<div style=\"width: 250px; height:225 px; display:flex; align-items:center; justify-items:center;\">\n<div id=\"canvaswrapper\" style=\"position:relative; width:250px; height: 225px;\">\n\n<canvas id=\"imageView\" style=\"position: absolute!important; left: 0!important; top: 0!important; width: 250; height: 225; cursor: none;\" width=\"250\" height=\"225\">Unfortunately, your browser is currently unsupported by our web application. We are sorry for the inconvenience. Please use one the latest version of Chrome\/Firefox\/Safari, or email n.root@uva.nl for further instructions.<\/canvas>\n<canvas id=\"cursorC\" style=\"position: absolute!important; left: 0!important; top: 0!important; width: 250; height: 225; pointer-events:none\" width=\"250\" height=\"225\"><\/canvas>\n<\/div>\n<\/div>\n\n<div style=\"width: 250px; height: 25px; display: flex; align-items:center; justify-items:center;\">\n<input id=\"brushsize\" type=\"range\" value=\"100\" style=\"width:250px;\">\n<\/div>\n<\/div>\n\n<div style=\"width: 250px; display:flex; align-items:center; justify-content:center;\">\n<div id=\"colorpicker1\">&nbsp;<\/div>\n<\/div>\n\n<\/div>\n\n<div style=\"width: 500px; height:100 px; display:flex; align-content:center; justify-content:center; margin: 0 auto;\">\n\n<div style=\"width: 250px; height:100 px; display:flex; align-content:center; justify-content:center;\">\n<div style=\"width:150px; height:100px; display: flex; align-items:center; justify-content:center; text-align:center; font-size: 30px; padding: 10px;\">Brush Size<\/div>\n<\/div>\n\n<div style=\"width: 250px; height:100 px; display:flex; align-items:center; justify-content:center;\">\n<div style=\"width:150px; height:100px; display: flex; align-items:center; justify-content:center; text-align:right; font-size: 30px; padding: 10px;\">Current Color<\/div>\n<div id=\"rect\" style=\"background:#ff00ff; width:100px; height:100px;\">&nbsp;<\/div>\n<\/div>\n\n<\/div>","QuestionJS":"Qualtrics.SurveyEngine.addOnReady(function() {\n\n    \/\/ Hide the form boxes (they are populated automatically, we don't want the participant to see)\n    jQuery(\"#\" + this.questionId + \" .QuestionBody\").hide();\n\n    \/\/ This function is called every time the participant paints on the canvas\n    const canvasChange = () => {\n        \/\/ Update the third field to record the data URL of the canvas image.\n        jQuery(\"#\" + this.questionId + \" input[type=text]:eq(2)\").val(painter.canvas.toDataURL(\"image\/png\"));\n    }\n\n    \/\/ This function is called every time the participant changes the color\n    const colorChange = (color) => {\n\n        console.log(color)\n        \/\/ Update the first field to record the currently chosen color. \n        jQuery(\"#\" + this.questionId + \" input[type=text]:eq(0)\").val(color);\n        \/\/ Update the second field to record the initial color, only if it is initial.\n        jQuery(\"#\" + this.questionId + \" input[type=text]:eq(1)\").val(function(_, value) {\n            return value || color\n        });\n\n        \/\/ Update the colorpicker rectangle to display the chosen color.\n        jQuery(\"#rect\").css('background', color);\n\n        \/\/ Update the paintbrush to use the chosen color.\n        if (painter) {\n            painter.setColor(color);\n        }\n\n        \/\/ Update the color of the letter stimulus to display the chosen color\n        \/\/ This can be removed if you don't display anything (e.g. sound synesthesias)\n        jQuery(\"#letter\").css('color', color);\n\n        \/\/ You can add additional code here if anything else in your experiment should react to color changes\n\n    }\n\n    \/\/ Initialize the brush size element.\n    document.getElementById(\"brushsize\").addEventListener(\"input\", function() {\n        const newSize = parseInt(Math.pow(10, this.value \/ 44)); \/\/ Exponential scaling looks more natural\n        painter.setBrushSize(newSize);\n    });\n\n    var painter = new CanvasTextDrawer('imageView', 'cursorC', {\n        font: \"150px Georgia\",\n        text: \"${lm:\/\/Field\/1}\",\n        callback: canvasChange\n    });\n    \/\/ Initialize the color picker. \n    var picker = jQuery('#colorpicker1').farbtastic({\n        callback: colorChange,\n        width: 250\n    });\n\n});","DefaultChoices":false,"DataExportTag":"ColorPick","QuestionType":"TE","Selector":"FORM","DataVisibility":{"Private":false,"Hidden":false},"Configuration":{"QuestionDescriptionOption":"UseText","InputWidth":451,"InputHeight":29},"QuestionDescription":"Unfortunately, your browser is currently unsupported by our web application. We are sorry for the...","Validation":{"Settings":{"ForceResponse":"OFF"}},"GradingData":[],"Language":[],"NextChoiceId":11,"NextAnswerId":1,"SearchSource":{"AllowFreeResponse":"false"},"QuestionID":"QID1","Choices":{"1":{"Display":"ChosenColor","TextEntry":"on","InputHeight":29,"InputWidth":300},"2":{"Display":"InitialColor"},"10":{"Display":"ImgData"}},"ChoiceOrder":["1","2","10"]}}]}