{"SurveyEntry":{"SurveyID":"SV_50TPf77DDwo9iCO","SurveyName":"synesthesiacolorpicker_github_main","SurveyDescription":null,"SurveyOwnerID":"UR_51oKL7TndyLc2AS","SurveyBrandID":"uva","DivisionID":"DV_9MEH7xRrHd6AifH","SurveyLanguage":"EN","SurveyActiveResponseSet":"RS_8kRCGltpsNYtuei","SurveyStatus":"Active","SurveyStartDate":"0000-00-00 00:00:00","SurveyExpirationDate":"0000-00-00 00:00:00","SurveyCreationDate":"2022-03-19 08:03:54","CreatorID":"UR_51oKL7TndyLc2AS","LastModified":"2024-04-22 05:23:45","LastAccessed":"0000-00-00 00:00:00","LastActivated":"2022-03-19 08:04:35","Deleted":null},"SurveyElements":[{"SurveyID":"SV_50TPf77DDwo9iCO","Element":"BL","PrimaryAttribute":"Survey Blocks","SecondaryAttribute":null,"TertiaryAttribute":null,"Payload":[{"Type":"Default","Description":"ColorPicker Block","ID":"BL_9GqWZrC1BvksZAq","BlockElements":[{"Type":"Question","QuestionID":"QID1"}],"Options":{"BlockLocking":"false","RandomizeQuestions":"false","Looping":"None","LoopingOptions":null}},{"Type":"Trash","Description":"Trash \/ Unused Questions","ID":"BL_7X3VVpmSclcrJxc","BlockElements":[]}]},{"SurveyID":"SV_50TPf77DDwo9iCO","Element":"FL","PrimaryAttribute":"Survey Flow","SecondaryAttribute":null,"TertiaryAttribute":null,"Payload":{"Type":"Root","FlowID":"FL_1","Flow":[{"Type":"Block","ID":"BL_9GqWZrC1BvksZAq","FlowID":"FL_2","Autofill":[]}],"Properties":{"Count":11,"RemovedFieldsets":[]}}},{"SurveyID":"SV_50TPf77DDwo9iCO","Element":"PL","PrimaryAttribute":"Preview Link","SecondaryAttribute":null,"TertiaryAttribute":null,"Payload":{"PreviewType":"Public","PreviewID":"ae714e85-d38b-47bf-afe3-bfd50b6d1240"}},{"SurveyID":"SV_50TPf77DDwo9iCO","Element":"RS","PrimaryAttribute":"RS_8kRCGltpsNYtuei","SecondaryAttribute":null,"TertiaryAttribute":null,"Payload":null},{"SurveyID":"SV_50TPf77DDwo9iCO","Element":"SO","PrimaryAttribute":"Survey Options","SecondaryAttribute":null,"TertiaryAttribute":null,"Payload":{"BackButton":"false","SaveAndContinue":"true","SurveyProtection":"PublicSurvey","BallotBoxStuffingPrevention":"false","NoIndex":"Yes","SecureResponseFiles":"true","SurveyExpiration":null,"SurveyTermination":"DefaultMessage","Header":"<script type=\"javascript\" src=\"https:\/\/cdn.jsdelivr.net\/gh\/nicholasbroot\/synesthesiacolorpicker\/colorpicker.js\"><\/script>","Footer":"","ProgressBarDisplay":"None","PartialData":"+1 week","ValidationMessage":null,"PreviousButton":" \u2190 ","NextButton":" \u2192 ","SurveyTitle":"Online Survey Software | Qualtrics Survey Solutions","SkinLibrary":"uva","SkinType":"templated","Skin":{"brandingId":null,"templateId":"*base","overrides":null},"NewScoring":1,"EOSMessage":"","ShowExportTags":"false","CollectGeoLocation":"false","SurveyMetaDescription":"The most powerful, simple and trusted way to gather experience data. Start your journey to experience management and try a free account today.","PasswordProtection":"No","AnonymizeResponse":"Yes","Password":"","RefererCheck":"No","RefererURL":"http:\/\/","BallotBoxStuffingPreventionBehavior":null,"BallotBoxStuffingPreventionMessage":null,"BallotBoxStuffingPreventionMessageLibrary":null,"BallotBoxStuffingPreventionURL":null,"RecaptchaV3":"false","ConfirmStart":false,"AutoConfirmStart":false,"UseCustomSurveyLinkCompletedMessage":null,"SurveyLinkCompletedMessage":"","SurveyLinkCompletedMessageLibrary":"","ResponseSummary":"No","EOSMessageLibrary":"","EOSRedirectURL":"https:\/\/","EmailThankYou":"false","ThankYouEmailMessageLibrary":null,"ThankYouEmailMessage":null,"ValidateMessage":"false","ValidationMessageLibrary":null,"InactiveSurvey":"DefaultMessage","PartialDeletion":null,"PartialDataCloseAfter":"LastActivity","ActiveResponseSet":null,"InactiveMessageLibrary":"","InactiveMessage":"","AvailableLanguages":{"EN":[]},"CustomStyles":{"customCSS":".JFEScope .Skin .q-slider ul {    \n    padding: 10px;   \n}\n.JFEScope .Skin .q-slider .statement-container {    display: none; }"},"headerMid":"","ProtectSelectionIds":true,"SurveyAnalysisDisabled":true,"SurveyName":"synesthesiacolorpicker_github_main"}},{"SurveyID":"SV_50TPf77DDwo9iCO","Element":"SCO","PrimaryAttribute":"Scoring","SecondaryAttribute":null,"TertiaryAttribute":null,"Payload":{"ScoringCategories":[],"ScoringCategoryGroups":[],"ScoringSummaryCategory":null,"ScoringSummaryAfterQuestions":0,"ScoringSummaryAfterSurvey":0,"DefaultScoringCategory":null,"AutoScoringCategory":null}},{"SurveyID":"SV_50TPf77DDwo9iCO","Element":"PROJ","PrimaryAttribute":"CORE","SecondaryAttribute":null,"TertiaryAttribute":"1.1.0","Payload":{"ProjectCategory":"CORE","SchemaVersion":"1.1.0"}},{"SurveyID":"SV_50TPf77DDwo9iCO","Element":"STAT","PrimaryAttribute":"Survey Statistics","SecondaryAttribute":null,"TertiaryAttribute":null,"Payload":{"MobileCompatible":true,"ID":"Survey Statistics"}},{"SurveyID":"SV_50TPf77DDwo9iCO","Element":"QC","PrimaryAttribute":"Survey Question Count","SecondaryAttribute":"22","TertiaryAttribute":null,"Payload":null},{"SurveyID":"SV_50TPf77DDwo9iCO","Element":"SQ","PrimaryAttribute":"QID1","SecondaryAttribute":"\u00a0 \u00a0","TertiaryAttribute":null,"Payload":{"QuestionText":"<div id=\"rect\" style=\"width:100px; height:100px; background:#A0A0A0; margin: 0 auto;\">&nbsp;<\/div>\n<div id=\"colorpicker1\" style=\"width:250px; height:250px; background:#FFFFFF; margin: 10px auto;\">&nbsp;<\/div>","QuestionJS":"Qualtrics.SurveyEngine.addOnReady(function() {\n\t\n\t\/\/ Hide the form boxes (they are populated automatically, we don't want the participant to see)\n    jQuery(\"#\" + this.questionId + \" .QuestionBody\").hide();\n\t\n    \/\/ This function is called every time the participant changes the color\n    const colorChange = (color) => {\n\n        \/\/ Update the first field to record the newly chosen color. \n        jQuery(\"#\" + this.questionId + \" input[type=text]:eq(0)\").val(color);\n\n        \/\/ Update the colorpicker rectangle to display the chosen color.\n        jQuery(\"#rect\").css('background', color);\n\n        \/\/ Update the color of the letter stimulus to display the chosen color\n        \/\/ This can be removed if you don't display anything (e.g. sound synesthesias)\n        jQuery(\"#letter\").css('color', color);\n\t\t\n        \/\/ You can add additional code here if anything else in your experiment should react to color changes\n\t\t\n    }\n    \n\t\/\/ Initialize the color picker. \n    var picker = jQuery('#colorpicker1').farbtastic({\n\t\tcallback: colorChange,\n\t\twidth: 250\n    });\n\t\/\/ Record the initial color. \n    jQuery(\"#\" + this.questionId + \" input[type=text]:eq(1)\").val(picker.color);\n\n});","DefaultChoices":false,"DataExportTag":"ColorPick","QuestionType":"TE","Selector":"FORM","DataVisibility":{"Private":false,"Hidden":false},"Configuration":{"QuestionDescriptionOption":"UseText","InputWidth":451,"InputHeight":29},"QuestionDescription":"\u00a0 \u00a0","Validation":{"Settings":{"ForceResponse":"OFF"}},"GradingData":[],"Language":[],"NextChoiceId":10,"NextAnswerId":1,"SearchSource":{"AllowFreeResponse":"false"},"QuestionID":"QID1","Choices":{"1":{"Display":"ChosenColor","TextEntry":"on","InputHeight":29,"InputWidth":300},"2":{"Display":"InitialColor"}},"ChoiceOrder":["1","2"]}}]}