{
   "SurveyEntry":{
      "SurveyID":"SV_6QihI04Nlh6KCXk",
      "SurveyName":"qualtrics_template_test_retest",
      "SurveyDescription":null,
      "SurveyOwnerID":"UR_51oKL7TndyLc2AS",
      "SurveyBrandID":"uva",
      "DivisionID":"DV_9MEH7xRrHd6AifH",
      "SurveyLanguage":"EN",
      "SurveyActiveResponseSet":"RS_0pUdoyUktKICwRw",
      "SurveyStatus":"Active",
      "SurveyStartDate":"0000-00-00 00:00:00",
      "SurveyExpirationDate":"0000-00-00 00:00:00",
      "SurveyCreationDate":"2025-09-14 03:16:05",
      "CreatorID":"UR_51oKL7TndyLc2AS",
      "LastModified":"2025-09-14 03:46:05",
      "LastAccessed":"0000-00-00 00:00:00",
      "LastActivated":"2025-09-14 03:46:05",
      "Deleted":null
   },
   "SurveyElements":[
      {
         "SurveyID":"SV_6QihI04Nlh6KCXk",
         "Element":"BL",
         "PrimaryAttribute":"Survey Blocks",
         "SecondaryAttribute":null,
         "TertiaryAttribute":null,
         "Payload":[
            {
               "Type":"Default",
               "Description":"ColorPicker R1",
               "ID":"BL_9GqWZrC1BvksZAq",
               "BlockElements":[
                  {
                     "Type":"Question",
                     "QuestionID":"QID32"
                  },
                  {
                     "Type":"Question",
                     "QuestionID":"QID34"
                  },
                  {
                     "Type":"Page Break"
                  },
                  {
                     "Type":"Question",
                     "QuestionID":"QID15"
                  },
                  {
                     "Type":"Question",
                     "QuestionID":"QID35"
                  }
               ],
               "Options":{
                  "BlockLocking":"false",
                  "RandomizeQuestions":"false",
                  "Looping":"Static",
                  "LoopingOptions":{
                     "Static":{
                        "1":{
                           "1":"A"
                        },
                        "2":{
                           "1":"B"
                        },
                        "3":{
                           "1":"C"
                        },
                        "4":{
                           "1":"D"
                        },
                        "5":{
                           "1":"E"
                        },
                        "6":{
                           "1":"F"
                        },
                        "7":{
                           "1":"G"
                        },
                        "8":{
                           "1":"H"
                        },
                        "9":{
                           "1":"I"
                        },
                        "10":{
                           "1":"J"
                        },
                        "11":{
                           "1":"K"
                        },
                        "12":{
                           "1":"L"
                        },
                        "13":{
                           "1":"M"
                        },
                        "14":{
                           "1":"N"
                        },
                        "15":{
                           "1":"O"
                        },
                        "16":{
                           "1":"P"
                        },
                        "17":{
                           "1":"Q"
                        },
                        "18":{
                           "1":"R"
                        },
                        "19":{
                           "1":"S"
                        },
                        "20":{
                           "1":"T"
                        },
                        "21":{
                           "1":"U"
                        },
                        "22":{
                           "1":"V"
                        },
                        "23":{
                           "1":"W"
                        },
                        "24":{
                           "1":"X"
                        },
                        "25":{
                           "1":"Y"
                        },
                        "26":{
                           "1":"Z"
                        }
                     },
                     "Randomization":"All"
                  },
                  "BlockVisibility":"Expanded"
               }
            },
            {
               "Type":"Trash",
               "Description":"Trash \/ Unused Questions",
               "ID":"BL_7X3VVpmSclcrJxc",
               "BlockElements":[
                  
               ]
            },
            {
               "Type":"Standard",
               "SubType":"",
               "Description":"Consent",
               "ID":"BL_bjEEzzIiqPzPC8C",
               "BlockElements":[
                  {
                     "Type":"Question",
                     "QuestionID":"QID23"
                  }
               ],
               "Options":{
                  "BlockLocking":"false",
                  "RandomizeQuestions":"false",
                  "BlockVisibility":"Expanded"
               }
            },
            {
               "Type":"Standard",
               "SubType":"",
               "Description":"Instructions",
               "ID":"BL_6QYyvAo3cRiawC2",
               "BlockElements":[
                  {
                     "Type":"Question",
                     "QuestionID":"QID24"
                  }
               ]
            },
            {
               "Type":"Standard",
               "Description":"ColorPicker R2",
               "ID":"BL_24CzlfqK1XOEBxk",
               "BlockElements":[
                  {
                     "Type":"Question",
                     "QuestionID":"QID25"
                  },
                  {
                     "Type":"Question",
                     "QuestionID":"QID36"
                  }
               ],
               "Options":{
                  "BlockLocking":false,
                  "RandomizeQuestions":"false",
                  "Looping":"Static",
                  "LoopingOptions":{
                     "Static":{
                        "1":{
                           "1":"A"
                        },
                        "2":{
                           "1":"B"
                        },
                        "3":{
                           "1":"C"
                        },
                        "4":{
                           "1":"D"
                        },
                        "5":{
                           "1":"E"
                        },
                        "6":{
                           "1":"F"
                        },
                        "7":{
                           "1":"G"
                        },
                        "8":{
                           "1":"H"
                        },
                        "9":{
                           "1":"I"
                        },
                        "10":{
                           "1":"J"
                        },
                        "11":{
                           "1":"K"
                        },
                        "12":{
                           "1":"L"
                        },
                        "13":{
                           "1":"M"
                        },
                        "14":{
                           "1":"N"
                        },
                        "15":{
                           "1":"O"
                        },
                        "16":{
                           "1":"P"
                        },
                        "17":{
                           "1":"Q"
                        },
                        "18":{
                           "1":"R"
                        },
                        "19":{
                           "1":"S"
                        },
                        "20":{
                           "1":"T"
                        },
                        "21":{
                           "1":"U"
                        },
                        "22":{
                           "1":"V"
                        },
                        "23":{
                           "1":"W"
                        },
                        "24":{
                           "1":"X"
                        },
                        "25":{
                           "1":"Y"
                        },
                        "26":{
                           "1":"Z"
                        }
                     },
                     "Randomization":"All"
                  },
                  "BlockVisibility":"Expanded"
               }
            },
            {
               "Type":"Standard",
               "Description":"ColorPicker R3",
               "ID":"BL_0NYPCtIdH373P9Q",
               "BlockElements":[
                  {
                     "Type":"Question",
                     "QuestionID":"QID26"
                  },
                  {
                     "Type":"Question",
                     "QuestionID":"QID37"
                  }
               ],
               "Options":{
                  "BlockLocking":false,
                  "RandomizeQuestions":"false",
                  "Looping":"Static",
                  "LoopingOptions":{
                     "Static":{
                        "1":{
                           "1":"A"
                        },
                        "2":{
                           "1":"B"
                        },
                        "3":{
                           "1":"C"
                        },
                        "4":{
                           "1":"D"
                        },
                        "5":{
                           "1":"E"
                        },
                        "6":{
                           "1":"F"
                        },
                        "7":{
                           "1":"G"
                        },
                        "8":{
                           "1":"H"
                        },
                        "9":{
                           "1":"I"
                        },
                        "10":{
                           "1":"J"
                        },
                        "11":{
                           "1":"K"
                        },
                        "12":{
                           "1":"L"
                        },
                        "13":{
                           "1":"M"
                        },
                        "14":{
                           "1":"N"
                        },
                        "15":{
                           "1":"O"
                        },
                        "16":{
                           "1":"P"
                        },
                        "17":{
                           "1":"Q"
                        },
                        "18":{
                           "1":"R"
                        },
                        "19":{
                           "1":"S"
                        },
                        "20":{
                           "1":"T"
                        },
                        "21":{
                           "1":"U"
                        },
                        "22":{
                           "1":"V"
                        },
                        "23":{
                           "1":"W"
                        },
                        "24":{
                           "1":"X"
                        },
                        "25":{
                           "1":"Y"
                        },
                        "26":{
                           "1":"Z"
                        }
                     },
                     "Randomization":"All"
                  },
                  "BlockVisibility":"Expanded"
               }
            },
            {
               "Type":"Standard",
               "SubType":"",
               "Description":"Break 1",
               "ID":"BL_0xprZwwE3lK4eyi",
               "BlockElements":[
                  {
                     "Type":"Question",
                     "QuestionID":"QID27"
                  },
                  {
                     "Type":"Question",
                     "QuestionID":"QID28"
                  }
               ]
            },
            {
               "Type":"Standard",
               "SubType":"",
               "Description":"Break 2",
               "ID":"BL_dpoZJTbz9zkBwa2",
               "BlockElements":[
                  {
                     "Type":"Question",
                     "QuestionID":"QID29"
                  },
                  {
                     "Type":"Question",
                     "QuestionID":"QID30"
                  }
               ],
               "Options":{
                  "BlockLocking":"false",
                  "RandomizeQuestions":"false",
                  "BlockVisibility":"Expanded"
               }
            },
            {
               "Type":"Standard",
               "SubType":"",
               "Description":"Debrief",
               "ID":"BL_6yy0iDMfxcRIofQ",
               "BlockElements":[
                  {
                     "Type":"Question",
                     "QuestionID":"QID31"
                  }
               ],
               "Options":{
                  "BlockLocking":"false",
                  "RandomizeQuestions":"false",
                  "BlockVisibility":"Expanded"
               }
            }
         ]
      },
      {
         "SurveyID":"SV_6QihI04Nlh6KCXk",
         "Element":"FL",
         "PrimaryAttribute":"Survey Flow",
         "SecondaryAttribute":null,
         "TertiaryAttribute":null,
         "Payload":{
            "Type":"Root",
            "FlowID":"FL_1",
            "Flow":[
               {
                  "Type":"EmbeddedData",
                  "FlowID":"FL_6",
                  "EmbeddedData":[
                     {
                        "Description":"chosenColorTemp",
                        "Type":"Recipient",
                        "Field":"chosenColorTemp",
                        "VariableType":"String",
                        "DataVisibility":[
                           
                        ],
                        "AnalyzeText":false
                     },
                     {
                        "Description":"id",
                        "Type":"Recipient",
                        "Field":"id",
                        "VariableType":"String",
                        "DataVisibility":[
                           
                        ],
                        "AnalyzeText":false
                     }
                  ]
               },
               {
                  "Type":"Standard",
                  "ID":"BL_bjEEzzIiqPzPC8C",
                  "FlowID":"FL_12",
                  "Autofill":[
                     
                  ]
               },
               {
                  "Type":"Branch",
                  "FlowID":"FL_18",
                  "Description":"New Branch",
                  "BranchLogic":{
                     "0":{
                        "0":{
                           "LogicType":"Question",
                           "QuestionID":"QID23",
                           "QuestionIsInLoop":"no",
                           "ChoiceLocator":"q:\/\/QID23\/SelectableChoice\/2",
                           "Operator":"Selected",
                           "QuestionIDFromLocator":"QID23",
                           "LeftOperand":"q:\/\/QID23\/SelectableChoice\/2",
                           "Type":"Expression",
                           "Description":"<span class=\"ConjDesc\">If<\/span> <span class=\"QuestionDesc\">YOUR CONSENT FORM HERE<\/span> <span class=\"LeftOpDesc\">I do not consent to participate<\/span> <span class=\"OpDesc\">Is Selected<\/span> "
                        },
                        "Type":"If"
                     },
                     "Type":"BooleanExpression"
                  },
                  "Flow":[
                     {
                        "Type":"EndSurvey",
                        "FlowID":"FL_19"
                     }
                  ]
               },
               {
                  "Type":"Standard",
                  "ID":"BL_6QYyvAo3cRiawC2",
                  "FlowID":"FL_13",
                  "Autofill":[
                     
                  ]
               },
               {
                  "Type":"Block",
                  "ID":"BL_9GqWZrC1BvksZAq",
                  "FlowID":"FL_2",
                  "Autofill":[
                     
                  ]
               },
               {
                  "Type":"Standard",
                  "ID":"BL_0xprZwwE3lK4eyi",
                  "FlowID":"FL_16",
                  "Autofill":[
                     
                  ]
               },
               {
                  "Type":"Standard",
                  "ID":"BL_24CzlfqK1XOEBxk",
                  "FlowID":"FL_14",
                  "Autofill":[
                     
                  ]
               },
               {
                  "Type":"Standard",
                  "ID":"BL_dpoZJTbz9zkBwa2",
                  "FlowID":"FL_17",
                  "Autofill":[
                     
                  ]
               },
               {
                  "Type":"Standard",
                  "ID":"BL_0NYPCtIdH373P9Q",
                  "FlowID":"FL_15",
                  "Autofill":[
                     
                  ]
               },
               {
                  "Type":"Standard",
                  "ID":"BL_6yy0iDMfxcRIofQ",
                  "FlowID":"FL_20",
                  "Autofill":[
                     
                  ]
               }
            ],
            "Properties":{
               "Count":20
            }
         }
      },
      {
         "SurveyID":"SV_6QihI04Nlh6KCXk",
         "Element":"PL",
         "PrimaryAttribute":"Preview Link",
         "SecondaryAttribute":null,
         "TertiaryAttribute":null,
         "Payload":{
            "PreviewType":"Brand",
            "PreviewID":"f14a6729-e7af-4325-91c9-f39a45eec771"
         }
      },
      {
         "SurveyID":"SV_6QihI04Nlh6KCXk",
         "Element":"PROJ",
         "PrimaryAttribute":"CORE",
         "SecondaryAttribute":null,
         "TertiaryAttribute":"1.1.0",
         "Payload":{
            "ProjectCategory":"CORE",
            "SchemaVersion":"1.1.0"
         }
      },
      {
         "SurveyID":"SV_6QihI04Nlh6KCXk",
         "Element":"QC",
         "PrimaryAttribute":"Survey Question Count",
         "SecondaryAttribute":"37",
         "TertiaryAttribute":null,
         "Payload":null
      },
      {
         "SurveyID":"SV_6QihI04Nlh6KCXk",
         "Element":"RS",
         "PrimaryAttribute":"RS_0pUdoyUktKICwRw",
         "SecondaryAttribute":"Default Response Set",
         "TertiaryAttribute":null,
         "Payload":null
      },
      {
         "SurveyID":"SV_6QihI04Nlh6KCXk",
         "Element":"SCO",
         "PrimaryAttribute":"Scoring",
         "SecondaryAttribute":null,
         "TertiaryAttribute":null,
         "Payload":{
            "ScoringCategories":[
               
            ],
            "ScoringCategoryGroups":[
               
            ],
            "ScoringSummaryCategory":null,
            "ScoringSummaryAfterQuestions":0,
            "ScoringSummaryAfterSurvey":0,
            "DefaultScoringCategory":null,
            "AutoScoringCategory":null
         }
      },
      {
         "SurveyID":"SV_6QihI04Nlh6KCXk",
         "Element":"SO",
         "PrimaryAttribute":"Survey Options",
         "SecondaryAttribute":null,
         "TertiaryAttribute":null,
         "Payload":{
            "BackButton":"false",
            "SaveAndContinue":"true",
            "SurveyProtection":"PublicSurvey",
            "BallotBoxStuffingPrevention":"false",
            "NoIndex":"Yes",
            "SecureResponseFiles":"true",
            "SurveyExpiration":null,
            "SurveyTermination":"DefaultMessage",
            "Header":"<script type=\"javascript\" src=\"https:\/\/cdn.jsdelivr.net\/gh\/nicholasbroot\/synesthesiacolorpicker\/colorpicker.js\"><\/script>\n\n<script>\nQualtrics.SurveyEngine.addOnload(function()\n{\njQuery('.QuestionOuter').css('visibility','hidden')\n});\n\n\nQualtrics.SurveyEngine.addOnReady(function()\n{\njQuery('.QuestionOuter').css('visibility','visible')\n});\n<\/script>",
            "Footer":"",
            "ProgressBarDisplay":"None",
            "PartialData":"+1 week",
            "ValidationMessage":null,
            "PreviousButton":" \u2190 ",
            "NextButton":" \u2192 ",
            "SurveyTitle":"Online Survey Software | Qualtrics Survey Solutions",
            "SkinLibrary":"uva",
            "SkinType":"templated",
            "Skin":{
               "brandingId":null,
               "templateId":"*base",
               "overrides":{
                  "font":{
                     "family":"georgia, serif"
                  }
               }
            },
            "NewScoring":1,
            "ShowExportTags":"false",
            "CollectGeoLocation":"false",
            "SurveyMetaDescription":"The most powerful, simple and trusted way to gather experience data. Start your journey to experience management and try a free account today.",
            "PasswordProtection":"No",
            "AnonymizeResponse":"No",
            "Password":"",
            "RefererCheck":"No",
            "RefererURL":"http:\/\/",
            "BallotBoxStuffingPreventionBehavior":null,
            "BallotBoxStuffingPreventionMessage":null,
            "BallotBoxStuffingPreventionMessageLibrary":null,
            "BallotBoxStuffingPreventionURL":null,
            "RecaptchaV3":"false",
            "ConfirmStart":false,
            "AutoConfirmStart":false,
            "UseCustomSurveyLinkCompletedMessage":null,
            "SurveyLinkCompletedMessage":"",
            "SurveyLinkCompletedMessageLibrary":"",
            "ResponseSummary":"No",
            "EOSRedirectURL":"https:\/\/",
            "EmailThankYou":"false",
            "ThankYouEmailMessageLibrary":null,
            "ThankYouEmailMessage":null,
            "ValidateMessage":"false",
            "ValidationMessageLibrary":null,
            "InactiveSurvey":"DefaultMessage",
            "PartialDeletion":null,
            "PartialDataCloseAfter":"LastActivity",
            "ActiveResponseSet":null,
            "InactiveMessageLibrary":"",
            "InactiveMessage":"",
            "AvailableLanguages":{
               "EN":[
                  
               ]
            },
            "headerMid":"",
            "SurveyAnalysisDisabled":true,
            "CustomStyles":{
               "customCSS":".JFEScope .Skin .q-slider ul {    \n    padding: 10px;   \n}\n.JFEScope .Skin .q-slider .statement-container {    display: none; }"
            }
         }
      },
      {
         "SurveyID":"SV_6QihI04Nlh6KCXk",
         "Element":"SQ",
         "PrimaryAttribute":"QID15",
         "SecondaryAttribute":"What is the best color for this letter? ${lm:\/\/Field\/1} \u00a0 \u00a0",
         "TertiaryAttribute":null,
         "Payload":{
            "QuestionText":"<div style=\"width:250px; display:flex; align-content:center; justify-content:center; text-align:center; margin: 0 auto;\">\n    What is the best color for this letter?<\/div>\n<div style=\"width: 250px; height: 125px; display:flex; align-content:center; justify-content:center; margin: 0 auto; \">\n    <div style=\"width: 125px; display:flex; align-items:center; justify-content:center; overflow:hidden;\" id=\"stimulus\"><span style=\"font-size:80px;\">\n            <font id=\"letter\">${lm:\/\/Field\/1}<\/font>\n        <\/span><\/div>\n    <div style=\"width: 125px; display:flex; align-items:center; justify-content:center;\">\n        <div id=\"rect\" style=\"background:#ff00ff; width:100px; height:100px;\">\n            &nbsp;<\/div>\n    <\/div>\n<\/div>\n<div style=\"width: 250px; margin: 0 auto;\">\n    <div id=\"colorpicker1\">&nbsp;<\/div>\n<\/div>",
            "QuestionJS":"Qualtrics.SurveyEngine.addOnReady(function() {\n\n    \/\/ This function is called every time the participant changes the color\n    const colorChange = (color) => {\n\n        \/\/ Update the first field to record the newly chosen color. \n        jQuery(\"#\" + this.questionId + \" input[type=text]:eq(0)\").val(color);\n\n        \/\/ Update the colorpicker rectangle to display the chosen color.\n        jQuery(\"#rect\").css('background', color);\n\n        \/\/ Update the color of the letter stimulus to display the chosen color\n        \/\/ This can be removed if you don't display anything (e.g. sound synesthesias)\n        \/\/ You can also add additional lines here if you want to change the color of multiple things on screen.\n        jQuery(\"#letter\").css('color', color);\n    }\n\n    \/\/ Hide the form boxes (they are populated automatically, we don't want the participant to see)\n    jQuery(\"#\" + this.questionId + \" .QuestionBody\").hide();\n    \/\/ Initialize the color picker. \n    var picker = jQuery('#colorpicker1').farbtastic({\n        callback: colorChange,\n\t\twidth: 250, \/\/This can be changed if you are comfortable with CSS\/HTML\n        returnInstance: true\n    });\n    \/\/ Record the initial color. \n    jQuery(\"#\" + this.questionId + \" input[type=text]:eq(1)\").val(picker.color);\n\n\n});",
            "DefaultChoices":false,
            "DataExportTag":"ColorPick_R1_Color",
            "QuestionType":"TE",
            "Selector":"FORM",
            "DataVisibility":{
               "Private":false,
               "Hidden":false
            },
            "Configuration":{
               "QuestionDescriptionOption":"UseText",
               "InputWidth":451,
               "InputHeight":29
            },
            "QuestionDescription":"What is the best color for this letter? ${lm:\/\/Field\/1} \u00a0 \u00a0",
            "Validation":{
               "Settings":{
                  "ForceResponse":"OFF"
               }
            },
            "GradingData":[
               
            ],
            "Language":[
               
            ],
            "NextChoiceId":10,
            "NextAnswerId":1,
            "SearchSource":{
               "AllowFreeResponse":"false"
            },
            "QuestionID":"QID15",
            "Choices":{
               "1":{
                  "Display":"ChosenColor",
                  "TextEntry":"on",
                  "InputHeight":29,
                  "InputWidth":300
               },
               "2":{
                  "Display":"InitialColor"
               }
            },
            "ChoiceOrder":[
               "1",
               "2"
            ]
         }
      },
      {
         "SurveyID":"SV_6QihI04Nlh6KCXk",
         "Element":"SQ",
         "PrimaryAttribute":"QID23",
         "SecondaryAttribute":"YOUR CONSENT FORM HERE",
         "TertiaryAttribute":null,
         "Payload":{
            "QuestionText":"YOUR CONSENT FORM HERE",
            "DefaultChoices":false,
            "DataExportTag":"consent",
            "QuestionType":"MC",
            "Selector":"SAVR",
            "SubSelector":"TX",
            "DataVisibility":{
               "Private":false,
               "Hidden":false
            },
            "Configuration":{
               "QuestionDescriptionOption":"UseText"
            },
            "QuestionDescription":"YOUR CONSENT FORM HERE",
            "Choices":{
               "1":{
                  "Display":"I consent to participate."
               },
               "2":{
                  "Display":"I do not consent to participate"
               }
            },
            "ChoiceOrder":[
               "1",
               "2"
            ],
            "Validation":{
               "Settings":{
                  "ForceResponse":"OFF",
                  "Type":"None"
               }
            },
            "GradingData":[
               
            ],
            "Language":[
               
            ],
            "NextChoiceId":4,
            "NextAnswerId":1,
            "QuestionID":"QID23"
         }
      },
      {
         "SurveyID":"SV_6QihI04Nlh6KCXk",
         "Element":"SQ",
         "PrimaryAttribute":"QID24",
         "SecondaryAttribute":"YOUR INSTRUCTIONS HERE.",
         "TertiaryAttribute":null,
         "Payload":{
            "QuestionText":"YOUR INSTRUCTIONS HERE.",
            "DefaultChoices":false,
            "DataExportTag":"instr",
            "QuestionType":"DB",
            "Selector":"TB",
            "DataVisibility":{
               "Private":false,
               "Hidden":false
            },
            "Configuration":{
               "QuestionDescriptionOption":"UseText"
            },
            "QuestionDescription":"YOUR INSTRUCTIONS HERE.",
            "ChoiceOrder":[
               
            ],
            "Validation":{
               "Settings":{
                  "Type":"None"
               }
            },
            "GradingData":[
               
            ],
            "Language":[
               
            ],
            "NextChoiceId":4,
            "NextAnswerId":1,
            "QuestionID":"QID24"
         }
      },
      {
         "SurveyID":"SV_6QihI04Nlh6KCXk",
         "Element":"SQ",
         "PrimaryAttribute":"QID25",
         "SecondaryAttribute":"What is the best color for this letter? ${lm:\/\/Field\/1} \u00a0 \u00a0",
         "TertiaryAttribute":null,
         "Payload":{
            "QuestionText":"<div style=\"width:250px; display:flex; align-content:center; justify-content:center; text-align:center; margin: 0 auto;\">\n    What is the best color for this letter?<\/div>\n<div style=\"width: 250px; height: 125px; display:flex; align-content:center; justify-content:center; margin: 0 auto; \">\n    <div style=\"width: 125px; display:flex; align-items:center; justify-content:center; overflow:hidden;\" id=\"stimulus\"><span style=\"font-size:80px;\">\n            <font id=\"letter\">${lm:\/\/Field\/1}<\/font>\n        <\/span><\/div>\n    <div style=\"width: 125px; display:flex; align-items:center; justify-content:center;\">\n        <div id=\"rect\" style=\"background:#ff00ff; width:100px; height:100px;\">\n            &nbsp;<\/div>\n    <\/div>\n<\/div>\n<div style=\"width: 250px; margin: 0 auto;\">\n    <div id=\"colorpicker1\">&nbsp;<\/div>\n<\/div>",
            "QuestionJS":"Qualtrics.SurveyEngine.addOnReady(function() {\n\n    \/\/ This function is called every time the participant changes the color\n    const colorChange = (color) => {\n\n        \/\/ Update the first field to record the newly chosen color. \n        jQuery(\"#\" + this.questionId + \" input[type=text]:eq(0)\").val(color);\n\n        \/\/ Update the colorpicker rectangle to display the chosen color.\n        jQuery(\"#rect\").css('background', color);\n\n        \/\/ Update the color of the letter stimulus to display the chosen color\n        \/\/ This can be removed if you don't display anything (e.g. sound synesthesias)\n        \/\/ You can also add additional lines here if you want to change the color of multiple things on screen.\n        jQuery(\"#letter\").css('color', color);\n    }\n\n    \/\/ Hide the form boxes (they are populated automatically, we don't want the participant to see)\n    jQuery(\"#\" + this.questionId + \" .QuestionBody\").hide();\n    \/\/ Initialize the color picker. \n    var picker = jQuery('#colorpicker1').farbtastic({\n        callback: colorChange,\n\t\twidth: 250, \/\/This can be changed if you are comfortable with CSS\/HTML\n        returnInstance: true\n    });\n    \/\/ Record the initial color. \n    jQuery(\"#\" + this.questionId + \" input[type=text]:eq(1)\").val(picker.color);\n\n\n});",
            "DefaultChoices":false,
            "QuestionType":"TE",
            "Selector":"FORM",
            "DataVisibility":{
               "Private":false,
               "Hidden":false
            },
            "Configuration":{
               "QuestionDescriptionOption":"UseText",
               "InputWidth":451,
               "InputHeight":29
            },
            "QuestionDescription":"What is the best color for this letter? ${lm:\/\/Field\/1} \u00a0 \u00a0",
            "Validation":{
               "Settings":{
                  "ForceResponse":"OFF"
               }
            },
            "GradingData":[
               
            ],
            "Language":[
               
            ],
            "NextChoiceId":10,
            "NextAnswerId":1,
            "SearchSource":{
               "AllowFreeResponse":"false"
            },
            "Choices":{
               "1":{
                  "Display":"ChosenColor",
                  "TextEntry":"on",
                  "InputHeight":29,
                  "InputWidth":300
               },
               "2":{
                  "Display":"InitialColor"
               }
            },
            "ChoiceOrder":[
               "1",
               "2"
            ],
            "QuestionText_Unsafe":"<div style=\"width:250px; display:flex; align-content:center; justify-content:center; text-align:center; margin: 0 auto;\">\n    What is the best color for this letter?<\/div>\n<div style=\"width: 250px; height: 125px; display:flex; align-content:center; justify-content:center; margin: 0 auto; \">\n    <div style=\"width: 125px; display:flex; align-items:center; justify-content:center; overflow:hidden;\" id=\"stimulus\"><span style=\"font-size:80px;\">\n            <font id=\"letter\">R<\/font>\n        <\/span><\/div>\n    <div style=\"width: 125px; display:flex; align-items:center; justify-content:center;\">\n        <div id=\"rect\" style=\"background:#ff00ff; width:100px; height:100px;\">\n            &nbsp;<\/div>\n    <\/div>\n<\/div>\n<div style=\"width: 250px; margin: 0 auto;\">\n    <div id=\"colorpicker1\">&nbsp;<\/div>\n<\/div>",
            "DataExportTag":"ColorPick_R2_Color",
            "QuestionID":"QID25"
         }
      },
      {
         "SurveyID":"SV_6QihI04Nlh6KCXk",
         "Element":"SQ",
         "PrimaryAttribute":"QID26",
         "SecondaryAttribute":"What is the best color for this letter? ${lm:\/\/Field\/1} \u00a0 \u00a0",
         "TertiaryAttribute":null,
         "Payload":{
            "QuestionText":"<div style=\"width:250px; display:flex; align-content:center; justify-content:center; text-align:center; margin: 0 auto;\">\n    What is the best color for this letter?<\/div>\n<div style=\"width: 250px; height: 125px; display:flex; align-content:center; justify-content:center; margin: 0 auto; \">\n    <div style=\"width: 125px; display:flex; align-items:center; justify-content:center; overflow:hidden;\" id=\"stimulus\"><span style=\"font-size:80px;\">\n            <font id=\"letter\">${lm:\/\/Field\/1}<\/font>\n        <\/span><\/div>\n    <div style=\"width: 125px; display:flex; align-items:center; justify-content:center;\">\n        <div id=\"rect\" style=\"background:#ff00ff; width:100px; height:100px;\">\n            &nbsp;<\/div>\n    <\/div>\n<\/div>\n<div style=\"width: 250px; margin: 0 auto;\">\n    <div id=\"colorpicker1\">&nbsp;<\/div>\n<\/div>",
            "QuestionJS":"Qualtrics.SurveyEngine.addOnReady(function() {\n\n    \/\/ This function is called every time the participant changes the color\n    const colorChange = (color) => {\n\n        \/\/ Update the first field to record the newly chosen color. \n        jQuery(\"#\" + this.questionId + \" input[type=text]:eq(0)\").val(color);\n\n        \/\/ Update the colorpicker rectangle to display the chosen color.\n        jQuery(\"#rect\").css('background', color);\n\n        \/\/ Update the color of the letter stimulus to display the chosen color\n        \/\/ This can be removed if you don't display anything (e.g. sound synesthesias)\n        \/\/ You can also add additional lines here if you want to change the color of multiple things on screen.\n        jQuery(\"#letter\").css('color', color);\n    }\n\n    \/\/ Hide the form boxes (they are populated automatically, we don't want the participant to see)\n    jQuery(\"#\" + this.questionId + \" .QuestionBody\").hide();\n    \/\/ Initialize the color picker. \n    var picker = jQuery('#colorpicker1').farbtastic({\n        callback: colorChange,\n\t\twidth: 250, \/\/This can be changed if you are comfortable with CSS\/HTML\n        returnInstance: true\n    });\n    \/\/ Record the initial color. \n    jQuery(\"#\" + this.questionId + \" input[type=text]:eq(1)\").val(picker.color);\n\n\n});",
            "DefaultChoices":false,
            "QuestionType":"TE",
            "Selector":"FORM",
            "DataVisibility":{
               "Private":false,
               "Hidden":false
            },
            "Configuration":{
               "QuestionDescriptionOption":"UseText",
               "InputWidth":451,
               "InputHeight":29
            },
            "QuestionDescription":"What is the best color for this letter? ${lm:\/\/Field\/1} \u00a0 \u00a0",
            "Validation":{
               "Settings":{
                  "ForceResponse":"OFF"
               }
            },
            "GradingData":[
               
            ],
            "Language":[
               
            ],
            "NextChoiceId":10,
            "NextAnswerId":1,
            "SearchSource":{
               "AllowFreeResponse":"false"
            },
            "Choices":{
               "1":{
                  "Display":"ChosenColor",
                  "TextEntry":"on",
                  "InputHeight":29,
                  "InputWidth":300
               },
               "2":{
                  "Display":"InitialColor"
               }
            },
            "ChoiceOrder":[
               "1",
               "2"
            ],
            "QuestionText_Unsafe":"<div style=\"width:250px; display:flex; align-content:center; justify-content:center; text-align:center; margin: 0 auto;\">\n    What is the best color for this letter?<\/div>\n<div style=\"width: 250px; height: 125px; display:flex; align-content:center; justify-content:center; margin: 0 auto; \">\n    <div style=\"width: 125px; display:flex; align-items:center; justify-content:center; overflow:hidden;\" id=\"stimulus\"><span style=\"font-size:80px;\">\n            <font id=\"letter\">R<\/font>\n        <\/span><\/div>\n    <div style=\"width: 125px; display:flex; align-items:center; justify-content:center;\">\n        <div id=\"rect\" style=\"background:#ff00ff; width:100px; height:100px;\">\n            &nbsp;<\/div>\n    <\/div>\n<\/div>\n<div style=\"width: 250px; margin: 0 auto;\">\n    <div id=\"colorpicker1\">&nbsp;<\/div>\n<\/div>",
            "DataExportTag":"ColorPick_R3_Color",
            "QuestionID":"QID26"
         }
      },
      {
         "SurveyID":"SV_6QihI04Nlh6KCXk",
         "Element":"SQ",
         "PrimaryAttribute":"QID27",
         "SecondaryAttribute":"YOUR (OPTIONAL) BREAK TEXT HERE",
         "TertiaryAttribute":null,
         "Payload":{
            "QuestionText":"YOUR (OPTIONAL) BREAK TEXT HERE",
            "DefaultChoices":false,
            "DataExportTag":"break1_instr",
            "QuestionType":"DB",
            "Selector":"TB",
            "DataVisibility":{
               "Private":false,
               "Hidden":false
            },
            "Configuration":{
               "QuestionDescriptionOption":"UseText"
            },
            "QuestionDescription":"YOUR (OPTIONAL) BREAK TEXT HERE",
            "ChoiceOrder":[
               
            ],
            "Validation":{
               "Settings":{
                  "Type":"None"
               }
            },
            "GradingData":[
               
            ],
            "Language":[
               
            ],
            "NextChoiceId":4,
            "NextAnswerId":1,
            "QuestionID":"QID27"
         }
      },
      {
         "SurveyID":"SV_6QihI04Nlh6KCXk",
         "Element":"SQ",
         "PrimaryAttribute":"QID28",
         "SecondaryAttribute":"Timing",
         "TertiaryAttribute":null,
         "Payload":{
            "QuestionText":"Timing",
            "DefaultChoices":false,
            "DataExportTag":"break1_timing",
            "QuestionType":"Timing",
            "Selector":"PageTimer",
            "DataVisibility":{
               "Private":false,
               "Hidden":false
            },
            "Configuration":{
               "QuestionDescriptionOption":"UseText",
               "MinSeconds":10,
               "MaxSeconds":"0",
               "ShowTimer":true
            },
            "QuestionDescription":"Timing",
            "Choices":{
               "1":{
                  "Display":"First Click"
               },
               "2":{
                  "Display":"Last Click"
               },
               "3":{
                  "Display":"Page Submit"
               },
               "4":{
                  "Display":"Click Count"
               }
            },
            "GradingData":[
               
            ],
            "Language":[
               
            ],
            "NextChoiceId":76,
            "NextAnswerId":1,
            "QuestionID":"QID28"
         }
      },
      {
         "SurveyID":"SV_6QihI04Nlh6KCXk",
         "Element":"SQ",
         "PrimaryAttribute":"QID29",
         "SecondaryAttribute":"YOUR (OPTIONAL) BREAK TEXT HERE",
         "TertiaryAttribute":null,
         "Payload":{
            "QuestionText":"YOUR (OPTIONAL) BREAK TEXT HERE",
            "DefaultChoices":false,
            "QuestionType":"DB",
            "Selector":"TB",
            "DataVisibility":{
               "Private":false,
               "Hidden":false
            },
            "Configuration":{
               "QuestionDescriptionOption":"UseText"
            },
            "QuestionDescription":"YOUR (OPTIONAL) BREAK TEXT HERE",
            "ChoiceOrder":[
               
            ],
            "Validation":{
               "Settings":{
                  "Type":"None"
               }
            },
            "GradingData":[
               
            ],
            "Language":[
               
            ],
            "NextChoiceId":4,
            "NextAnswerId":1,
            "QuestionText_Unsafe":"YOUR (OPTIONAL) BREAK TEXT HERE",
            "DataExportTag":"break2_instr",
            "QuestionID":"QID29"
         }
      },
      {
         "SurveyID":"SV_6QihI04Nlh6KCXk",
         "Element":"SQ",
         "PrimaryAttribute":"QID30",
         "SecondaryAttribute":"Timing",
         "TertiaryAttribute":null,
         "Payload":{
            "QuestionText":"Timing",
            "DefaultChoices":false,
            "QuestionType":"Timing",
            "Selector":"PageTimer",
            "DataVisibility":{
               "Private":false,
               "Hidden":false
            },
            "Configuration":{
               "QuestionDescriptionOption":"UseText",
               "MinSeconds":10,
               "MaxSeconds":"0",
               "ShowTimer":true
            },
            "QuestionDescription":"Timing",
            "Choices":{
               "1":{
                  "Display":"First Click"
               },
               "2":{
                  "Display":"Last Click"
               },
               "3":{
                  "Display":"Page Submit"
               },
               "4":{
                  "Display":"Click Count"
               }
            },
            "GradingData":[
               
            ],
            "Language":[
               
            ],
            "NextChoiceId":80,
            "NextAnswerId":1,
            "QuestionText_Unsafe":"Timing",
            "DataExportTag":"break2_timing",
            "QuestionID":"QID30"
         }
      },
      {
         "SurveyID":"SV_6QihI04Nlh6KCXk",
         "Element":"SQ",
         "PrimaryAttribute":"QID31",
         "SecondaryAttribute":"YOUR DEBRIEF TEXT HERE",
         "TertiaryAttribute":null,
         "Payload":{
            "QuestionText":"YOUR DEBRIEF TEXT HERE",
            "DefaultChoices":false,
            "DataExportTag":"debrief",
            "QuestionType":"DB",
            "Selector":"TB",
            "DataVisibility":{
               "Private":false,
               "Hidden":false
            },
            "Configuration":{
               "QuestionDescriptionOption":"UseText"
            },
            "QuestionDescription":"YOUR DEBRIEF TEXT HERE",
            "ChoiceOrder":[
               
            ],
            "Validation":{
               "Settings":{
                  "Type":"None"
               }
            },
            "GradingData":[
               
            ],
            "Language":[
               
            ],
            "NextChoiceId":4,
            "NextAnswerId":1,
            "QuestionID":"QID31"
         }
      },
      {
         "SurveyID":"SV_6QihI04Nlh6KCXk",
         "Element":"SQ",
         "PrimaryAttribute":"QID32",
         "SecondaryAttribute":"Which of the following statements best describes your color experience(s) for the letter ...",
         "TertiaryAttribute":null,
         "Payload":{
            "ChoiceOrder":[
               "1",
               "2",
               "3"
            ],
            "Choices":{
               "1":{
                  "Display":"I do not experience a color when I see the letter ${lm:\/\/Field\/1} (I see only the color in which it is printed)"
               },
               "2":{
                  "Display":"I experience a color when I see the letter ${lm:\/\/Field\/1} (in addition to the color in which it is printed)"
               },
               "3":{
                  "Display":"I experience more than one color when I see the letter ${lm:\/\/Field\/1} (in addition to the color in which it is printed)"
               }
            },
            "Configuration":{
               "QuestionDescriptionOption":"UseText"
            },
            "DataExportTag":"NumColors",
            "DataVisibility":{
               "Hidden":false,
               "Private":false
            },
            "DefaultChoices":false,
            "GradingData":[
               
            ],
            "Language":[
               
            ],
            "NextAnswerId":1,
            "NextChoiceId":11,
            "QuestionDescription":"Which of the following statements best describes your color experience(s) for the letter ...",
            "QuestionID":"QID32",
            "QuestionText":"Which of the following statements best describes your color experience(s) for the letter <span style=\"color:${lm:\/\/Field\/2};\">${lm:\/\/Field\/1}<\/span>?",
            "QuestionText_Unsafe":"Which of the following statements best describes your color experience(s) for the letter <span style=\"color:${lm:\/\/Field\/2};\">${lm:\/\/Field\/1}<\/span>?",
            "QuestionType":"MC",
            "Selector":"SAVR",
            "SubSelector":"TX",
            "Validation":{
               "Settings":{
                  "ForceResponse":"ON",
                  "ForceResponseType":"ON",
                  "Type":"None"
               }
            }
         }
      },
      {
         "SurveyID":"SV_6QihI04Nlh6KCXk",
         "Element":"SQ",
         "PrimaryAttribute":"QID34",
         "SecondaryAttribute":"Please describe your multi-colored experience(s) for the letter ${lm:\/\/Field\/1}:",
         "TertiaryAttribute":null,
         "Payload":{
            "QuestionText":"Please describe your multi-colored experience(s) for the letter ${lm:\/\/Field\/1}:",
            "DefaultChoices":false,
            "DataExportTag":"MultiColor",
            "QuestionID":"QID34",
            "QuestionType":"TE",
            "Selector":"ESTB",
            "DataVisibility":{
               "Private":false,
               "Hidden":false
            },
            "Configuration":{
               "QuestionDescriptionOption":"UseText"
            },
            "QuestionDescription":"Please describe your multi-colored experience(s) for the letter ${lm:\/\/Field\/1}:",
            "DisplayLogic":{
               "0":{
                  "0":{
                     "ChoiceLocator":"q:\/\/QID32\/SelectableChoice\/2",
                     "Description":"<span class=\"ConjDesc\">If<\/span> <span class=\"QuestionDesc\">Which of the following statements best describes your color experience(s) for the letter ${lm:\/\/Field\/1}?<\/span> <span class=\"LeftOpDesc\">I experience more than one color when I see the letter ${lm:\/\/Field\/1} (in addition to the color in which it is printed)<\/span> <span class=\"OpDesc\">Is Selected<\/span> ",
                     "LeftOperand":"q:\/\/QID32\/SelectableChoice\/2",
                     "LogicType":"Question",
                     "LoopAndMergeLoops":"current",
                     "LoopTarget":"none",
                     "Operator":"Selected",
                     "QuestionID":"QID32",
                     "QuestionIDFromLocator":"QID32",
                     "QuestionIsInLoop":"yes",
                     "Type":"Expression"
                  },
                  "Type":"If"
               },
               "Type":"BooleanExpression",
               "inPage":false
            },
            "Validation":{
               "Settings":{
                  "ForceResponse":"OFF",
                  "Type":"None"
               }
            },
            "GradingData":[
               
            ],
            "Language":[
               
            ],
            "NextChoiceId":12,
            "NextAnswerId":1,
            "SearchSource":{
               "AllowFreeResponse":"false"
            }
         }
      },
      {
         "SurveyID":"SV_6QihI04Nlh6KCXk",
         "Element":"SQ",
         "PrimaryAttribute":"QID35",
         "SecondaryAttribute":"Timing",
         "TertiaryAttribute":null,
         "Payload":{
            "QuestionText":"Timing",
            "DefaultChoices":false,
            "DataExportTag":"ColorPick_R1_Timing",
            "QuestionID":"QID35",
            "QuestionType":"Timing",
            "Selector":"PageTimer",
            "DataVisibility":{
               "Private":false,
               "Hidden":false
            },
            "Configuration":{
               "QuestionDescriptionOption":"UseText",
               "MinSeconds":2,
               "MaxSeconds":"0"
            },
            "QuestionDescription":"Timing",
            "Choices":{
               "1":{
                  "Display":"First Click"
               },
               "2":{
                  "Display":"Last Click"
               },
               "3":{
                  "Display":"Page Submit"
               },
               "4":{
                  "Display":"Click Count"
               }
            },
            "GradingData":[
               
            ],
            "Language":[
               
            ],
            "NextChoiceId":28,
            "NextAnswerId":1
         }
      },
      {
         "SurveyID":"SV_6QihI04Nlh6KCXk",
         "Element":"SQ",
         "PrimaryAttribute":"QID36",
         "SecondaryAttribute":"Timing",
         "TertiaryAttribute":null,
         "Payload":{
            "QuestionText":"Timing",
            "DefaultChoices":false,
            "DataExportTag":"ColorPick_R2_Timing",
            "QuestionID":"QID36",
            "QuestionType":"Timing",
            "Selector":"PageTimer",
            "DataVisibility":{
               "Private":false,
               "Hidden":false
            },
            "Configuration":{
               "QuestionDescriptionOption":"UseText",
               "MinSeconds":"0",
               "MaxSeconds":"0"
            },
            "QuestionDescription":"Timing",
            "Choices":{
               "1":{
                  "Display":"First Click"
               },
               "2":{
                  "Display":"Last Click"
               },
               "3":{
                  "Display":"Page Submit"
               },
               "4":{
                  "Display":"Click Count"
               }
            },
            "GradingData":[
               
            ],
            "Language":[
               
            ],
            "NextChoiceId":20,
            "NextAnswerId":1
         }
      },
      {
         "SurveyID":"SV_6QihI04Nlh6KCXk",
         "Element":"SQ",
         "PrimaryAttribute":"QID37",
         "SecondaryAttribute":"Timing",
         "TertiaryAttribute":null,
         "Payload":{
            "QuestionText":"Timing",
            "DefaultChoices":false,
            "DataExportTag":"ColorPick_R3_Timing",
            "QuestionID":"QID37",
            "QuestionType":"Timing",
            "Selector":"PageTimer",
            "DataVisibility":{
               "Private":false,
               "Hidden":false
            },
            "Configuration":{
               "QuestionDescriptionOption":"UseText",
               "MinSeconds":"0",
               "MaxSeconds":"0"
            },
            "QuestionDescription":"Timing",
            "Choices":{
               "1":{
                  "Display":"First Click"
               },
               "2":{
                  "Display":"Last Click"
               },
               "3":{
                  "Display":"Page Submit"
               },
               "4":{
                  "Display":"Click Count"
               }
            },
            "GradingData":[
               
            ],
            "Language":[
               
            ],
            "NextChoiceId":20,
            "NextAnswerId":1
         }
      },
      {
         "SurveyID":"SV_6QihI04Nlh6KCXk",
         "Element":"STAT",
         "PrimaryAttribute":"Survey Statistics",
         "SecondaryAttribute":null,
         "TertiaryAttribute":null,
         "Payload":{
            "MobileCompatible":true,
            "ID":"Survey Statistics"
         }
      }
   ]
}